// !$*UTF8*$!
{
	archiveVersion = 1;
	classes = {
	};
	objectVersion = 51;
	objects = {

/* Begin PBXBuildFile section */
		1B6F99C33E0806E26B46A42C /* Pods_TEST.framework in Frameworks */ = {isa = PBXBuildFile; fileRef = 45999623B6E98CB1F75EF754 /* Pods_TEST.framework */; };
		41E53B8D26CE31D500BD6AE9 /* Student.m in Sources */ = {isa = PBXBuildFile; fileRef = 41E53B8B26CE31D500BD6AE9 /* Student.m */; };
		41E53B8E26CE31D500BD6AE9 /* YSProxy.m in Sources */ = {isa = PBXBuildFile; fileRef = 41E53B8C26CE31D500BD6AE9 /* YSProxy.m */; };
		41E53B9526CE63AB00BD6AE9 /* RunLoop_RuntimeVC.m in Sources */ = {isa = PBXBuildFile; fileRef = 41E53B9426CE63AB00BD6AE9 /* RunLoop_RuntimeVC.m */; };
		C83ACB8B242269DC00B53E40 /* Person.m in Sources */ = {isa = PBXBuildFile; fileRef = C83ACB8A242269DC00B53E40 /* Person.m */; };
		C83ACB8E24226A5800B53E40 /* CViewController.m in Sources */ = {isa = PBXBuildFile; fileRef = C83ACB8D24226A5800B53E40 /* CViewController.m */; };
		C84707B1247293420091CA45 /* DVC.swift in Sources */ = {isa = PBXBuildFile; fileRef = C84707B0247293420091CA45 /* DVC.swift */; };
		C84DDDBD26BFB7C6006F8040 /* CustomButton.m in Sources */ = {isa = PBXBuildFile; fileRef = C84DDDBC26BFB7C6006F8040 /* CustomButton.m */; };
		C8732157241FB79C00DE6C17 /* AppDelegate.swift in Sources */ = {isa = PBXBuildFile; fileRef = C8732156241FB79C00DE6C17 /* AppDelegate.swift */; };
		C873215B241FB79C00DE6C17 /* ViewController.swift in Sources */ = {isa = PBXBuildFile; fileRef = C873215A241FB79C00DE6C17 /* ViewController.swift */; };
		C873215E241FB79C00DE6C17 /* Main.storyboard in Resources */ = {isa = PBXBuildFile; fileRef = C873215C241FB79C00DE6C17 /* Main.storyboard */; };
		C8732160241FB79D00DE6C17 /* Assets.xcassets in Resources */ = {isa = PBXBuildFile; fileRef = C873215F241FB79D00DE6C17 /* Assets.xcassets */; };
		C8732163241FB79D00DE6C17 /* LaunchScreen.storyboard in Resources */ = {isa = PBXBuildFile; fileRef = C8732161241FB79D00DE6C17 /* LaunchScreen.storyboard */; };
/* End PBXBuildFile section */

/* Begin PBXFileReference section */
		415B765926CF5B67004D88B9 /* CFUUID.h */ = {isa = PBXFileReference; lastKnownFileType = sourcecode.c.h; path = CFUUID.h; sourceTree = "<group>"; };
		415B765A26CF5B67004D88B9 /* CFUniCharPriv.h */ = {isa = PBXFileReference; lastKnownFileType = sourcecode.c.h; path = CFUniCharPriv.h; sourceTree = "<group>"; };
		415B765B26CF5B67004D88B9 /* CFBundle.h */ = {isa = PBXFileReference; lastKnownFileType = sourcecode.c.h; path = CFBundle.h; sourceTree = "<group>"; };
		415B765C26CF5B67004D88B9 /* CFBigNumber.h */ = {isa = PBXFileReference; lastKnownFileType = sourcecode.c.h; path = CFBigNumber.h; sourceTree = "<group>"; };
		415B765D26CF5B67004D88B9 /* CFXMLInputStream.h */ = {isa = PBXFileReference; lastKnownFileType = sourcecode.c.h; path = CFXMLInputStream.h; sourceTree = "<group>"; };
		415B765E26CF5B67004D88B9 /* CFNumber.c */ = {isa = PBXFileReference; lastKnownFileType = sourcecode.c.c; path = CFNumber.c; sourceTree = "<group>"; };
		415B765F26CF5B67004D88B9 /* CFError.c */ = {isa = PBXFileReference; lastKnownFileType = sourcecode.c.c; path = CFError.c; sourceTree = "<group>"; };
		415B766026CF5B67004D88B9 /* CFBundle_Internal.h */ = {isa = PBXFileReference; lastKnownFileType = sourcecode.c.h; path = CFBundle_Internal.h; sourceTree = "<group>"; };
		415B766126CF5B67004D88B9 /* CFURL.inc.h */ = {isa = PBXFileReference; lastKnownFileType = sourcecode.c.h; path = CFURL.inc.h; sourceTree = "<group>"; };
		415B766226CF5B67004D88B9 /* CFPropertyList.c */ = {isa = PBXFileReference; lastKnownFileType = sourcecode.c.c; path = CFPropertyList.c; sourceTree = "<group>"; };
		415B766326CF5B67004D88B9 /* CFBag.h */ = {isa = PBXFileReference; lastKnownFileType = sourcecode.c.h; path = CFBag.h; sourceTree = "<group>"; };
		415B766426CF5B67004D88B9 /* CFStringEncodingConverterPriv.h */ = {isa = PBXFileReference; lastKnownFileType = sourcecode.c.h; path = CFStringEncodingConverterPriv.h; sourceTree = "<group>"; };
		415B766526CF5B67004D88B9 /* CFRuntime.h */ = {isa = PBXFileReference; lastKnownFileType = sourcecode.c.h; path = CFRuntime.h; sourceTree = "<group>"; };
		415B766626CF5B67004D88B9 /* CFPreferences.h */ = {isa = PBXFileReference; lastKnownFileType = sourcecode.c.h; path = CFPreferences.h; sourceTree = "<group>"; };
		415B766726CF5B67004D88B9 /* CFConcreteStreams.c */ = {isa = PBXFileReference; lastKnownFileType = sourcecode.c.c; path = CFConcreteStreams.c; sourceTree = "<group>"; };
		415B766826CF5B67004D88B9 /* CoreFoundation_Prefix.h */ = {isa = PBXFileReference; lastKnownFileType = sourcecode.c.h; path = CoreFoundation_Prefix.h; sourceTree = "<group>"; };
		415B766926CF5B67004D88B9 /* CFAvailability.h */ = {isa = PBXFileReference; lastKnownFileType = sourcecode.c.h; path = CFAvailability.h; sourceTree = "<group>"; };
		415B766A26CF5B67004D88B9 /* SymbolAliases */ = {isa = PBXFileReference; lastKnownFileType = text; path = SymbolAliases; sourceTree = "<group>"; };
		415B766B26CF5B67004D88B9 /* CFUserNotification.h */ = {isa = PBXFileReference; lastKnownFileType = sourcecode.c.h; path = CFUserNotification.h; sourceTree = "<group>"; };
		415B766C26CF5B67004D88B9 /* CFTimeZone.c */ = {isa = PBXFileReference; lastKnownFileType = sourcecode.c.c; path = CFTimeZone.c; sourceTree = "<group>"; };
		415B766D26CF5B67004D88B9 /* CFVersion.c */ = {isa = PBXFileReference; lastKnownFileType = sourcecode.c.c; path = CFVersion.c; sourceTree = "<group>"; };
		415B766E26CF5B67004D88B9 /* ForFoundationOnly.h */ = {isa = PBXFileReference; lastKnownFileType = sourcecode.c.h; path = ForFoundationOnly.h; sourceTree = "<group>"; };
		415B766F26CF5B67004D88B9 /* CFBinaryPList.c */ = {isa = PBXFileReference; lastKnownFileType = sourcecode.c.c; path = CFBinaryPList.c; sourceTree = "<group>"; };
		415B767026CF5B67004D88B9 /* CFXMLNode.h */ = {isa = PBXFileReference; lastKnownFileType = sourcecode.c.h; path = CFXMLNode.h; sourceTree = "<group>"; };
		415B767126CF5B67004D88B9 /* CFBundle_Resources.c */ = {isa = PBXFileReference; lastKnownFileType = sourcecode.c.c; path = CFBundle_Resources.c; sourceTree = "<group>"; };
		415B767226CF5B67004D88B9 /* CFStreamAbstract.h */ = {isa = PBXFileReference; lastKnownFileType = sourcecode.c.h; path = CFStreamAbstract.h; sourceTree = "<group>"; };
		415B767326CF5B67004D88B9 /* CFString.c */ = {isa = PBXFileReference; lastKnownFileType = sourcecode.c.c; path = CFString.c; sourceTree = "<group>"; };
		415B767426CF5B67004D88B9 /* CFBasicHash.c */ = {isa = PBXFileReference; lastKnownFileType = sourcecode.c.c; path = CFBasicHash.c; sourceTree = "<group>"; };
		415B767526CF5B67004D88B9 /* CFArray.h */ = {isa = PBXFileReference; lastKnownFileType = sourcecode.c.h; path = CFArray.h; sourceTree = "<group>"; };
		415B767626CF5B67004D88B9 /* CFBundle_InfoPlist.c */ = {isa = PBXFileReference; lastKnownFileType = sourcecode.c.c; path = CFBundle_InfoPlist.c; sourceTree = "<group>"; };
		415B767726CF5B67004D88B9 /* CFXMLParser.c */ = {isa = PBXFileReference; lastKnownFileType = sourcecode.c.c; path = CFXMLParser.c; sourceTree = "<group>"; };
		415B767826CF5B67004D88B9 /* CFBitVector.c */ = {isa = PBXFileReference; lastKnownFileType = sourcecode.c.c; path = CFBitVector.c; sourceTree = "<group>"; };
		415B767926CF5B67004D88B9 /* CFStream.h */ = {isa = PBXFileReference; lastKnownFileType = sourcecode.c.h; path = CFStream.h; sourceTree = "<group>"; };
		415B767A26CF5B67004D88B9 /* CFRunLoop.c */ = {isa = PBXFileReference; lastKnownFileType = sourcecode.c.c; path = CFRunLoop.c; sourceTree = "<group>"; };
		415B767B26CF5B67004D88B9 /* CoreFoundation.h */ = {isa = PBXFileReference; lastKnownFileType = sourcecode.c.h; path = CoreFoundation.h; sourceTree = "<group>"; };
		415B767C26CF5B67004D88B9 /* CFBundle_BinaryTypes.h */ = {isa = PBXFileReference; lastKnownFileType = sourcecode.c.h; path = CFBundle_BinaryTypes.h; sourceTree = "<group>"; };
		415B767D26CF5B67004D88B9 /* CFSocket.c */ = {isa = PBXFileReference; lastKnownFileType = sourcecode.c.c; path = CFSocket.c; sourceTree = "<group>"; };
		415B767E26CF5B67004D88B9 /* CFDictionary.h */ = {isa = PBXFileReference; lastKnownFileType = sourcecode.c.h; path = CFDictionary.h; sourceTree = "<group>"; };
		415B767F26CF5B67004D88B9 /* APPLE_LICENSE */ = {isa = PBXFileReference; lastKnownFileType = text; path = APPLE_LICENSE; sourceTree = "<group>"; };
		415B768026CF5B67004D88B9 /* CFURL.c */ = {isa = PBXFileReference; lastKnownFileType = sourcecode.c.c; path = CFURL.c; sourceTree = "<group>"; };
		415B768126CF5B67004D88B9 /* CFApplicationPreferences.c */ = {isa = PBXFileReference; lastKnownFileType = sourcecode.c.c; path = CFApplicationPreferences.c; sourceTree = "<group>"; };
		415B768226CF5B67004D88B9 /* CFCharacterSet.h */ = {isa = PBXFileReference; lastKnownFileType = sourcecode.c.h; path = CFCharacterSet.h; sourceTree = "<group>"; };
		415B768326CF5B67004D88B9 /* CFBasicHashFindBucket.m */ = {isa = PBXFileReference; lastKnownFileType = sourcecode.c.objc; path = CFBasicHashFindBucket.m; sourceTree = "<group>"; };
		415B768426CF5B67004D88B9 /* CF-1153.18.xcodeproj */ = {isa = PBXFileReference; lastKnownFileType = "wrapper.pb-project"; path = "CF-1153.18.xcodeproj"; sourceTree = "<group>"; };
		415B768726CF5B67004D88B9 /* CFStorage.h */ = {isa = PBXFileReference; lastKnownFileType = sourcecode.c.h; path = CFStorage.h; sourceTree = "<group>"; };
		415B768826CF5B67004D88B9 /* CFStringEncodingDatabase.c */ = {isa = PBXFileReference; lastKnownFileType = sourcecode.c.c; path = CFStringEncodingDatabase.c; sourceTree = "<group>"; };
		415B768926CF5B67004D88B9 /* CFSystemDirectories.c */ = {isa = PBXFileReference; lastKnownFileType = sourcecode.c.c; path = CFSystemDirectories.c; sourceTree = "<group>"; };
		415B768A26CF5B67004D88B9 /* CFUnicodeData-B.mapping */ = {isa = PBXFileReference; lastKnownFileType = file; path = "CFUnicodeData-B.mapping"; sourceTree = "<group>"; };
		415B768B26CF5B67004D88B9 /* CFCalendar.c */ = {isa = PBXFileReference; lastKnownFileType = sourcecode.c.c; path = CFCalendar.c; sourceTree = "<group>"; };
		415B768C26CF5B67004D88B9 /* CFOldStylePList.c */ = {isa = PBXFileReference; lastKnownFileType = sourcecode.c.c; path = CFOldStylePList.c; sourceTree = "<group>"; };
		415B768D26CF5B67004D88B9 /* Makefile */ = {isa = PBXFileReference; lastKnownFileType = sourcecode.make; path = Makefile; sourceTree = "<group>"; };
		415B768E26CF5B67004D88B9 /* CFDateFormatter.h */ = {isa = PBXFileReference; lastKnownFileType = sourcecode.c.h; path = CFDateFormatter.h; sourceTree = "<group>"; };
		415B768F26CF5B67004D88B9 /* CFPlugIn_Factory.h */ = {isa = PBXFileReference; lastKnownFileType = sourcecode.c.h; path = CFPlugIn_Factory.h; sourceTree = "<group>"; };
		415B769026CF5B67004D88B9 /* CFICUConverters.c */ = {isa = PBXFileReference; lastKnownFileType = sourcecode.c.c; path = CFICUConverters.c; sourceTree = "<group>"; };
		415B769126CF5B67004D88B9 /* CFSet.c */ = {isa = PBXFileReference; lastKnownFileType = sourcecode.c.c; path = CFSet.c; sourceTree = "<group>"; };
		415B769226CF5B67004D88B9 /* CFBase.c */ = {isa = PBXFileReference; lastKnownFileType = sourcecode.c.c; path = CFBase.c; sourceTree = "<group>"; };
		415B769326CF5B67004D88B9 /* CFTree.h */ = {isa = PBXFileReference; lastKnownFileType = sourcecode.c.h; path = CFTree.h; sourceTree = "<group>"; };
		415B769426CF5B67004D88B9 /* CFSortFunctions.c */ = {isa = PBXFileReference; lastKnownFileType = sourcecode.c.c; path = CFSortFunctions.c; sourceTree = "<group>"; };
		415B769526CF5B67004D88B9 /* CFBinaryHeap.c */ = {isa = PBXFileReference; lastKnownFileType = sourcecode.c.c; path = CFBinaryHeap.c; sourceTree = "<group>"; };
		415B769626CF5B67004D88B9 /* CFMessagePort.h */ = {isa = PBXFileReference; lastKnownFileType = sourcecode.c.h; path = CFMessagePort.h; sourceTree = "<group>"; };
		415B769726CF5B67004D88B9 /* CFUtilities.c */ = {isa = PBXFileReference; lastKnownFileType = sourcecode.c.c; path = CFUtilities.c; sourceTree = "<group>"; };
		415B769826CF5B67004D88B9 /* MakefileVersion */ = {isa = PBXFileReference; lastKnownFileType = text; path = MakefileVersion; sourceTree = "<group>"; };
		415B769926CF5B67004D88B9 /* CFUnicodePrecomposition.h */ = {isa = PBXFileReference; lastKnownFileType = sourcecode.c.h; path = CFUnicodePrecomposition.h; sourceTree = "<group>"; };
		415B769A26CF5B67004D88B9 /* CFMachPort.h */ = {isa = PBXFileReference; lastKnownFileType = sourcecode.c.h; path = CFMachPort.h; sourceTree = "<group>"; };
		415B769B26CF5B67004D88B9 /* CFICULogging.h */ = {isa = PBXFileReference; lastKnownFileType = sourcecode.c.h; path = CFICULogging.h; sourceTree = "<group>"; };
		415B769C26CF5B67004D88B9 /* CFPlugInCOM.h */ = {isa = PBXFileReference; lastKnownFileType = sourcecode.c.h; path = CFPlugInCOM.h; sourceTree = "<group>"; };
		415B769D26CF5B67004D88B9 /* CFPlugIn.h */ = {isa = PBXFileReference; lastKnownFileType = sourcecode.c.h; path = CFPlugIn.h; sourceTree = "<group>"; };
		415B769E26CF5B67004D88B9 /* CFFileUtilities.c */ = {isa = PBXFileReference; lastKnownFileType = sourcecode.c.c; path = CFFileUtilities.c; sourceTree = "<group>"; };
		415B769F26CF5B67004D88B9 /* CFBundle_Locale.c */ = {isa = PBXFileReference; lastKnownFileType = sourcecode.c.c; path = CFBundle_Locale.c; sourceTree = "<group>"; };
		415B76A026CF5B67004D88B9 /* CFLocaleKeys.c */ = {isa = PBXFileReference; lastKnownFileType = sourcecode.c.c; path = CFLocaleKeys.c; sourceTree = "<group>"; };
		415B76A126CF5B67004D88B9 /* CFUnicodeDecomposition.h */ = {isa = PBXFileReference; lastKnownFileType = sourcecode.c.h; path = CFUnicodeDecomposition.h; sourceTree = "<group>"; };
		415B76A226CF5B67004D88B9 /* CFDate.h */ = {isa = PBXFileReference; lastKnownFileType = sourcecode.c.h; path = CFDate.h; sourceTree = "<group>"; };
		415B76A326CF5B67004D88B9 /* CFBundle_Strings.c */ = {isa = PBXFileReference; lastKnownFileType = sourcecode.c.c; path = CFBundle_Strings.c; sourceTree = "<group>"; };
		415B76A426CF5B67004D88B9 /* CFBurstTrie.h */ = {isa = PBXFileReference; lastKnownFileType = sourcecode.c.h; path = CFBurstTrie.h; sourceTree = "<group>"; };
		415B76A526CF5B67004D88B9 /* CFStringEncodingConverter.h */ = {isa = PBXFileReference; lastKnownFileType = sourcecode.c.h; path = CFStringEncodingConverter.h; sourceTree = "<group>"; };
		415B76A626CF5B67004D88B9 /* CFStreamInternal.h */ = {isa = PBXFileReference; lastKnownFileType = sourcecode.c.h; path = CFStreamInternal.h; sourceTree = "<group>"; };
		415B76A726CF5B67004D88B9 /* CFStringEncodingConverterExt.h */ = {isa = PBXFileReference; lastKnownFileType = sourcecode.c.h; path = CFStringEncodingConverterExt.h; sourceTree = "<group>"; };
		415B76A826CF5B67004D88B9 /* CFLocale.h */ = {isa = PBXFileReference; lastKnownFileType = sourcecode.c.h; path = CFLocale.h; sourceTree = "<group>"; };
		415B76A926CF5B67004D88B9 /* CFData.h */ = {isa = PBXFileReference; lastKnownFileType = sourcecode.c.h; path = CFData.h; sourceTree = "<group>"; };
		415B76AA26CF5B67004D88B9 /* CFUniChar.c */ = {isa = PBXFileReference; lastKnownFileType = sourcecode.c.c; path = CFUniChar.c; sourceTree = "<group>"; };
		415B76AB26CF5B67004D88B9 /* CFNumberFormatter.h */ = {isa = PBXFileReference; lastKnownFileType = sourcecode.c.h; path = CFNumberFormatter.h; sourceTree = "<group>"; };
		415B76AC26CF5B67004D88B9 /* CFURLAccess.h */ = {isa = PBXFileReference; lastKnownFileType = sourcecode.c.h; path = CFURLAccess.h; sourceTree = "<group>"; };
		415B76AD26CF5B67004D88B9 /* CFLocaleInternal.h */ = {isa = PBXFileReference; lastKnownFileType = sourcecode.c.h; path = CFLocaleInternal.h; sourceTree = "<group>"; };
		415B76AE26CF5B67004D88B9 /* CFStreamPriv.h */ = {isa = PBXFileReference; lastKnownFileType = sourcecode.c.h; path = CFStreamPriv.h; sourceTree = "<group>"; };
		415B76AF26CF5B67004D88B9 /* CFLogUtilities.h */ = {isa = PBXFileReference; lastKnownFileType = sourcecode.c.h; path = CFLogUtilities.h; sourceTree = "<group>"; };
		415B76B026CF5B67004D88B9 /* CFRuntime.c */ = {isa = PBXFileReference; lastKnownFileType = sourcecode.c.c; path = CFRuntime.c; sourceTree = "<group>"; };
		415B76B126CF5B67004D88B9 /* CFPreferences.c */ = {isa = PBXFileReference; lastKnownFileType = sourcecode.c.c; path = CFPreferences.c; sourceTree = "<group>"; };
		415B76B226CF5B67004D88B9 /* CFUserNotification.c */ = {isa = PBXFileReference; lastKnownFileType = sourcecode.c.c; path = CFUserNotification.c; sourceTree = "<group>"; };
		415B76B326CF5B67004D88B9 /* CFTimeZone.h */ = {isa = PBXFileReference; lastKnownFileType = sourcecode.c.h; path = CFTimeZone.h; sourceTree = "<group>"; };
		415B76B426CF5B67004D88B9 /* TargetConditionals.h */ = {isa = PBXFileReference; lastKnownFileType = sourcecode.c.h; path = TargetConditionals.h; sourceTree = "<group>"; };
		415B76B526CF5B67004D88B9 /* CFXMLPreferencesDomain.c */ = {isa = PBXFileReference; lastKnownFileType = sourcecode.c.c; path = CFXMLPreferencesDomain.c; sourceTree = "<group>"; };
		415B76B626CF5B68004D88B9 /* CFError.h */ = {isa = PBXFileReference; lastKnownFileType = sourcecode.c.h; path = CFError.h; sourceTree = "<group>"; };
		415B76B726CF5B68004D88B9 /* CFNumber.h */ = {isa = PBXFileReference; lastKnownFileType = sourcecode.c.h; path = CFNumber.h; sourceTree = "<group>"; };
		415B76B826CF5B68004D88B9 /* CFBundlePriv.h */ = {isa = PBXFileReference; lastKnownFileType = sourcecode.c.h; path = CFBundlePriv.h; sourceTree = "<group>"; };
		415B76B926CF5B68004D88B9 /* README_CFLITE */ = {isa = PBXFileReference; lastKnownFileType = text; path = README_CFLITE; sourceTree = "<group>"; };
		415B76BA26CF5B68004D88B9 /* CFCharacterSetBitmaps.bitmap */ = {isa = PBXFileReference; lastKnownFileType = file; path = CFCharacterSetBitmaps.bitmap; sourceTree = "<group>"; };
		415B76BB26CF5B68004D88B9 /* CFXMLInputStream.c */ = {isa = PBXFileReference; lastKnownFileType = sourcecode.c.c; path = CFXMLInputStream.c; sourceTree = "<group>"; };
		415B76BC26CF5B68004D88B9 /* CFBag.c */ = {isa = PBXFileReference; lastKnownFileType = sourcecode.c.c; path = CFBag.c; sourceTree = "<group>"; };
		415B76BD26CF5B68004D88B9 /* CFPropertyList.h */ = {isa = PBXFileReference; lastKnownFileType = sourcecode.c.h; path = CFPropertyList.h; sourceTree = "<group>"; };
		415B76BE26CF5B68004D88B9 /* CFBundle.c */ = {isa = PBXFileReference; lastKnownFileType = sourcecode.c.c; path = CFBundle.c; sourceTree = "<group>"; };
		415B76BF26CF5B68004D88B9 /* CFSocketStream.c */ = {isa = PBXFileReference; lastKnownFileType = sourcecode.c.c; path = CFSocketStream.c; sourceTree = "<group>"; };
		415B76C026CF5B68004D88B9 /* CFBigNumber.c */ = {isa = PBXFileReference; lastKnownFileType = sourcecode.c.c; path = CFBigNumber.c; sourceTree = "<group>"; };
		415B76C126CF5B68004D88B9 /* CFUUID.c */ = {isa = PBXFileReference; lastKnownFileType = sourcecode.c.c; path = CFUUID.c; sourceTree = "<group>"; };
		415B76C226CF5B68004D88B9 /* PropertyList.dtd */ = {isa = PBXFileReference; lastKnownFileType = text.xml; path = PropertyList.dtd; sourceTree = "<group>"; };
		415B76C326CF5B68004D88B9 /* CFBundle_Binary.c */ = {isa = PBXFileReference; lastKnownFileType = sourcecode.c.c; path = CFBundle_Binary.c; sourceTree = "<group>"; };
		415B76C426CF5B68004D88B9 /* CFPlugIn_Instance.c */ = {isa = PBXFileReference; lastKnownFileType = sourcecode.c.c; path = CFPlugIn_Instance.c; sourceTree = "<group>"; };
		415B76C526CF5B68004D88B9 /* CFPriv.h */ = {isa = PBXFileReference; lastKnownFileType = sourcecode.c.h; path = CFPriv.h; sourceTree = "<group>"; };
		415B76C626CF5B68004D88B9 /* CFByteOrder.h */ = {isa = PBXFileReference; lastKnownFileType = sourcecode.c.h; path = CFByteOrder.h; sourceTree = "<group>"; };
		415B76C726CF5B68004D88B9 /* CFBuiltinConverters.c */ = {isa = PBXFileReference; lastKnownFileType = sourcecode.c.c; path = CFBuiltinConverters.c; sourceTree = "<group>"; };
		415B76C826CF5B68004D88B9 /* CFStorage.c */ = {isa = PBXFileReference; lastKnownFileType = sourcecode.c.c; path = CFStorage.c; sourceTree = "<group>"; };
		415B76CA26CF5B68004D88B9 /* plconvert.c */ = {isa = PBXFileReference; lastKnownFileType = sourcecode.c.c; path = plconvert.c; sourceTree = "<group>"; };
		415B76CB26CF5B68004D88B9 /* CFCharacterSet.c */ = {isa = PBXFileReference; lastKnownFileType = sourcecode.c.c; path = CFCharacterSet.c; sourceTree = "<group>"; };
		415B76CC26CF5B68004D88B9 /* CFDictionary.c */ = {isa = PBXFileReference; lastKnownFileType = sourcecode.c.c; path = CFDictionary.c; sourceTree = "<group>"; };
		415B76CD26CF5B68004D88B9 /* CFSocket.h */ = {isa = PBXFileReference; lastKnownFileType = sourcecode.c.h; path = CFSocket.h; sourceTree = "<group>"; };
		415B76CE26CF5B68004D88B9 /* CFURL.h */ = {isa = PBXFileReference; lastKnownFileType = sourcecode.c.h; path = CFURL.h; sourceTree = "<group>"; };
		415B76CF26CF5B68004D88B9 /* CFInternal.h */ = {isa = PBXFileReference; lastKnownFileType = sourcecode.c.h; path = CFInternal.h; sourceTree = "<group>"; };
		415B76D026CF5B68004D88B9 /* CFBitVector.h */ = {isa = PBXFileReference; lastKnownFileType = sourcecode.c.h; path = CFBitVector.h; sourceTree = "<group>"; };
		415B76D126CF5B68004D88B9 /* CFXMLParser.h */ = {isa = PBXFileReference; lastKnownFileType = sourcecode.c.h; path = CFXMLParser.h; sourceTree = "<group>"; };
		415B76D226CF5B68004D88B9 /* CFXMLTree.c */ = {isa = PBXFileReference; lastKnownFileType = sourcecode.c.c; path = CFXMLTree.c; sourceTree = "<group>"; };
		415B76D326CF5B68004D88B9 /* CFRunLoop.h */ = {isa = PBXFileReference; lastKnownFileType = sourcecode.c.h; path = CFRunLoop.h; sourceTree = "<group>"; };
		415B76D426CF5B68004D88B9 /* CFStream.c */ = {isa = PBXFileReference; lastKnownFileType = sourcecode.c.c; path = CFStream.c; sourceTree = "<group>"; };
		415B76D526CF5B68004D88B9 /* CFLocaleIdentifier.c */ = {isa = PBXFileReference; lastKnownFileType = sourcecode.c.c; path = CFLocaleIdentifier.c; sourceTree = "<group>"; };
		415B76D626CF5B68004D88B9 /* CFXMLNode.c */ = {isa = PBXFileReference; lastKnownFileType = sourcecode.c.c; path = CFXMLNode.c; sourceTree = "<group>"; };
		415B76D726CF5B68004D88B9 /* CFArray.c */ = {isa = PBXFileReference; lastKnownFileType = sourcecode.c.c; path = CFArray.c; sourceTree = "<group>"; };
		415B76D826CF5B68004D88B9 /* CFBasicHash.h */ = {isa = PBXFileReference; lastKnownFileType = sourcecode.c.h; path = CFBasicHash.h; sourceTree = "<group>"; };
		415B76D926CF5B68004D88B9 /* CFString.h */ = {isa = PBXFileReference; lastKnownFileType = sourcecode.c.h; path = CFString.h; sourceTree = "<group>"; };
		415B76DA26CF5B68004D88B9 /* CFPlatform.c */ = {isa = PBXFileReference; lastKnownFileType = sourcecode.c.c; path = CFPlatform.c; sourceTree = "<group>"; };
		415B76DB26CF5B68004D88B9 /* CFStringScanner.c */ = {isa = PBXFileReference; lastKnownFileType = sourcecode.c.c; path = CFStringScanner.c; sourceTree = "<group>"; };
		415B76DC26CF5B68004D88B9 /* CFMachPort.c */ = {isa = PBXFileReference; lastKnownFileType = sourcecode.c.c; path = CFMachPort.c; sourceTree = "<group>"; };
		415B76DD26CF5B68004D88B9 /* CFUnicodePrecomposition.c */ = {isa = PBXFileReference; lastKnownFileType = sourcecode.c.c; path = CFUnicodePrecomposition.c; sourceTree = "<group>"; };
		415B76DE26CF5B68004D88B9 /* CFBinaryHeap.h */ = {isa = PBXFileReference; lastKnownFileType = sourcecode.c.h; path = CFBinaryHeap.h; sourceTree = "<group>"; };
		415B76DF26CF5B68004D88B9 /* CFMessagePort.c */ = {isa = PBXFileReference; lastKnownFileType = sourcecode.c.c; path = CFMessagePort.c; sourceTree = "<group>"; };
		415B76E026CF5B68004D88B9 /* CFTree.c */ = {isa = PBXFileReference; lastKnownFileType = sourcecode.c.c; path = CFTree.c; sourceTree = "<group>"; };
		415B76E126CF5B68004D88B9 /* CFBase.h */ = {isa = PBXFileReference; lastKnownFileType = sourcecode.c.h; path = CFBase.h; sourceTree = "<group>"; };
		415B76E226CF5B68004D88B9 /* CFURLPriv.h */ = {isa = PBXFileReference; lastKnownFileType = sourcecode.c.h; path = CFURLPriv.h; sourceTree = "<group>"; };
		415B76E326CF5B68004D88B9 /* CFSet.h */ = {isa = PBXFileReference; lastKnownFileType = sourcecode.c.h; path = CFSet.h; sourceTree = "<group>"; };
		415B76E426CF5B68004D88B9 /* CFUnicodeData-L.mapping */ = {isa = PBXFileReference; lastKnownFileType = file; path = "CFUnicodeData-L.mapping"; sourceTree = "<group>"; };
		415B76E526CF5B68004D88B9 /* CFPlatformConverters.c */ = {isa = PBXFileReference; lastKnownFileType = sourcecode.c.c; path = CFPlatformConverters.c; sourceTree = "<group>"; };
		415B76E626CF5B68004D88B9 /* CFUtilities.h */ = {isa = PBXFileReference; lastKnownFileType = sourcecode.c.h; path = CFUtilities.h; sourceTree = "<group>"; };
		415B76E726CF5B68004D88B9 /* CFPlugIn_Factory.c */ = {isa = PBXFileReference; lastKnownFileType = sourcecode.c.c; path = CFPlugIn_Factory.c; sourceTree = "<group>"; };
		415B76E826CF5B68004D88B9 /* CFDateFormatter.c */ = {isa = PBXFileReference; lastKnownFileType = sourcecode.c.c; path = CFDateFormatter.c; sourceTree = "<group>"; };
		415B76E926CF5B68004D88B9 /* CFICUConverters.h */ = {isa = PBXFileReference; lastKnownFileType = sourcecode.c.h; path = CFICUConverters.h; sourceTree = "<group>"; };
		415B76EA26CF5B68004D88B9 /* CFUniCharPropertyDatabase.data */ = {isa = PBXFileReference; lastKnownFileType = file; path = CFUniCharPropertyDatabase.data; sourceTree = "<group>"; };
		415B76EB26CF5B68004D88B9 /* MakefileLinux */ = {isa = PBXFileReference; lastKnownFileType = text; path = MakefileLinux; sourceTree = "<group>"; };
		415B76EC26CF5B68004D88B9 /* CFStringUtilities.c */ = {isa = PBXFileReference; lastKnownFileType = sourcecode.c.c; path = CFStringUtilities.c; sourceTree = "<group>"; };
		415B76ED26CF5B68004D88B9 /* CFStringEncodingDatabase.h */ = {isa = PBXFileReference; lastKnownFileType = sourcecode.c.h; path = CFStringEncodingDatabase.h; sourceTree = "<group>"; };
		415B76EE26CF5B68004D88B9 /* CFStringDefaultEncoding.h */ = {isa = PBXFileReference; lastKnownFileType = sourcecode.c.h; path = CFStringDefaultEncoding.h; sourceTree = "<group>"; };
		415B76EF26CF5B68004D88B9 /* CFCalendar.h */ = {isa = PBXFileReference; lastKnownFileType = sourcecode.c.h; path = CFCalendar.h; sourceTree = "<group>"; };
		415B76F026CF5B68004D88B9 /* CFError_Private.h */ = {isa = PBXFileReference; lastKnownFileType = sourcecode.c.h; path = CFError_Private.h; sourceTree = "<group>"; };
		415B76F126CF5B68004D88B9 /* CFWindowsUtilities.c */ = {isa = PBXFileReference; lastKnownFileType = sourcecode.c.c; path = CFWindowsUtilities.c; sourceTree = "<group>"; };
		415B76F226CF5B68004D88B9 /* plconvert.c */ = {isa = PBXFileReference; lastKnownFileType = sourcecode.c.c; path = plconvert.c; sourceTree = "<group>"; };
		415B76F326CF5B68004D88B9 /* CFURLAccess.c */ = {isa = PBXFileReference; lastKnownFileType = sourcecode.c.c; path = CFURLAccess.c; sourceTree = "<group>"; };
		415B76F426CF5B68004D88B9 /* CFBundle_Grok.c */ = {isa = PBXFileReference; lastKnownFileType = sourcecode.c.c; path = CFBundle_Grok.c; sourceTree = "<group>"; };
		415B76F526CF5B68004D88B9 /* CFNumberFormatter.c */ = {isa = PBXFileReference; lastKnownFileType = sourcecode.c.c; path = CFNumberFormatter.c; sourceTree = "<group>"; };
		415B76F626CF5B68004D88B9 /* CFStringEncodings.c */ = {isa = PBXFileReference; lastKnownFileType = sourcecode.c.c; path = CFStringEncodings.c; sourceTree = "<group>"; };
		415B76F726CF5B68004D88B9 /* CFLocale.c */ = {isa = PBXFileReference; lastKnownFileType = sourcecode.c.c; path = CFLocale.c; sourceTree = "<group>"; };
		415B76F826CF5B68004D88B9 /* CFStringEncodingExt.h */ = {isa = PBXFileReference; lastKnownFileType = sourcecode.c.h; path = CFStringEncodingExt.h; sourceTree = "<group>"; };
		415B76F926CF5B68004D88B9 /* CFUniChar.h */ = {isa = PBXFileReference; lastKnownFileType = sourcecode.c.h; path = CFUniChar.h; sourceTree = "<group>"; };
		415B76FA26CF5B68004D88B9 /* CFCharacterSetPriv.h */ = {isa = PBXFileReference; lastKnownFileType = sourcecode.c.h; path = CFCharacterSetPriv.h; sourceTree = "<group>"; };
		415B76FB26CF5B68004D88B9 /* Info.plist */ = {isa = PBXFileReference; lastKnownFileType = text.plist.xml; path = Info.plist; sourceTree = "<group>"; };
		415B76FC26CF5B68004D88B9 /* CFData.c */ = {isa = PBXFileReference; lastKnownFileType = sourcecode.c.c; path = CFData.c; sourceTree = "<group>"; };
		415B76FD26CF5B68004D88B9 /* CFStringEncodingConverter.c */ = {isa = PBXFileReference; lastKnownFileType = sourcecode.c.c; path = CFStringEncodingConverter.c; sourceTree = "<group>"; };
		415B76FE26CF5B68004D88B9 /* CFBurstTrie.c */ = {isa = PBXFileReference; lastKnownFileType = sourcecode.c.c; path = CFBurstTrie.c; sourceTree = "<group>"; };
		415B76FF26CF5B68004D88B9 /* CFDate.c */ = {isa = PBXFileReference; lastKnownFileType = sourcecode.c.c; path = CFDate.c; sourceTree = "<group>"; };
		415B770026CF5B68004D88B9 /* CFUnicodeDecomposition.c */ = {isa = PBXFileReference; lastKnownFileType = sourcecode.c.c; path = CFUnicodeDecomposition.c; sourceTree = "<group>"; };
		415B770126CF5B68004D88B9 /* CFPlugIn_PlugIn.c */ = {isa = PBXFileReference; lastKnownFileType = sourcecode.c.c; path = CFPlugIn_PlugIn.c; sourceTree = "<group>"; };
		415B770226CF5B68004D88B9 /* CFPlugIn.c */ = {isa = PBXFileReference; lastKnownFileType = sourcecode.c.c; path = CFPlugIn.c; sourceTree = "<group>"; };
		41E53B8926CE31D500BD6AE9 /* Student.h */ = {isa = PBXFileReference; fileEncoding = 4; lastKnownFileType = sourcecode.c.h; path = Student.h; sourceTree = "<group>"; };
		41E53B8A26CE31D500BD6AE9 /* YSProxy.h */ = {isa = PBXFileReference; fileEncoding = 4; lastKnownFileType = sourcecode.c.h; path = YSProxy.h; sourceTree = "<group>"; };
		41E53B8B26CE31D500BD6AE9 /* Student.m */ = {isa = PBXFileReference; fileEncoding = 4; lastKnownFileType = sourcecode.c.objc; path = Student.m; sourceTree = "<group>"; };
		41E53B8C26CE31D500BD6AE9 /* YSProxy.m */ = {isa = PBXFileReference; fileEncoding = 4; lastKnownFileType = sourcecode.c.objc; path = YSProxy.m; sourceTree = "<group>"; };
		41E53B9326CE63AB00BD6AE9 /* RunLoop_RuntimeVC.h */ = {isa = PBXFileReference; lastKnownFileType = sourcecode.c.h; path = RunLoop_RuntimeVC.h; sourceTree = "<group>"; };
		41E53B9426CE63AB00BD6AE9 /* RunLoop_RuntimeVC.m */ = {isa = PBXFileReference; lastKnownFileType = sourcecode.c.objc; path = RunLoop_RuntimeVC.m; sourceTree = "<group>"; };
		45999623B6E98CB1F75EF754 /* Pods_TEST.framework */ = {isa = PBXFileReference; explicitFileType = wrapper.framework; includeInIndex = 0; path = Pods_TEST.framework; sourceTree = BUILT_PRODUCTS_DIR; };
		6ACE38454128EF38F77CE40E /* Pods-TEST.release.xcconfig */ = {isa = PBXFileReference; includeInIndex = 1; lastKnownFileType = text.xcconfig; name = "Pods-TEST.release.xcconfig"; path = "Target Support Files/Pods-TEST/Pods-TEST.release.xcconfig"; sourceTree = "<group>"; };
		6FF5E8D3E0EFE7F12391362E /* Pods-TEST.debug.xcconfig */ = {isa = PBXFileReference; includeInIndex = 1; lastKnownFileType = text.xcconfig; name = "Pods-TEST.debug.xcconfig"; path = "Target Support Files/Pods-TEST/Pods-TEST.debug.xcconfig"; sourceTree = "<group>"; };
		C83ACB88242269DC00B53E40 /* TEST-Bridging-Header.h */ = {isa = PBXFileReference; lastKnownFileType = sourcecode.c.h; path = "TEST-Bridging-Header.h"; sourceTree = "<group>"; };
		C83ACB89242269DC00B53E40 /* Person.h */ = {isa = PBXFileReference; lastKnownFileType = sourcecode.c.h; path = Person.h; sourceTree = "<group>"; };
		C83ACB8A242269DC00B53E40 /* Person.m */ = {isa = PBXFileReference; lastKnownFileType = sourcecode.c.objc; path = Person.m; sourceTree = "<group>"; };
		C83ACB8C24226A5800B53E40 /* CViewController.h */ = {isa = PBXFileReference; lastKnownFileType = sourcecode.c.h; path = CViewController.h; sourceTree = "<group>"; };
		C83ACB8D24226A5800B53E40 /* CViewController.m */ = {isa = PBXFileReference; lastKnownFileType = sourcecode.c.objc; path = CViewController.m; sourceTree = "<group>"; };
		C84707B0247293420091CA45 /* DVC.swift */ = {isa = PBXFileReference; lastKnownFileType = sourcecode.swift; path = DVC.swift; sourceTree = "<group>"; };
		C84DDDBB26BFB7C6006F8040 /* CustomButton.h */ = {isa = PBXFileReference; lastKnownFileType = sourcecode.c.h; path = CustomButton.h; sourceTree = "<group>"; };
		C84DDDBC26BFB7C6006F8040 /* CustomButton.m */ = {isa = PBXFileReference; lastKnownFileType = sourcecode.c.objc; path = CustomButton.m; sourceTree = "<group>"; };
		C8732153241FB79C00DE6C17 /* TEST.app */ = {isa = PBXFileReference; explicitFileType = wrapper.application; includeInIndex = 0; path = TEST.app; sourceTree = BUILT_PRODUCTS_DIR; };
		C8732156241FB79C00DE6C17 /* AppDelegate.swift */ = {isa = PBXFileReference; lastKnownFileType = sourcecode.swift; path = AppDelegate.swift; sourceTree = "<group>"; };
		C873215A241FB79C00DE6C17 /* ViewController.swift */ = {isa = PBXFileReference; lastKnownFileType = sourcecode.swift; path = ViewController.swift; sourceTree = "<group>"; };
		C873215D241FB79C00DE6C17 /* Base */ = {isa = PBXFileReference; lastKnownFileType = file.storyboard; name = Base; path = Base.lproj/Main.storyboard; sourceTree = "<group>"; };
		C873215F241FB79D00DE6C17 /* Assets.xcassets */ = {isa = PBXFileReference; lastKnownFileType = folder.assetcatalog; path = Assets.xcassets; sourceTree = "<group>"; };
		C8732162241FB79D00DE6C17 /* Base */ = {isa = PBXFileReference; lastKnownFileType = file.storyboard; name = Base; path = Base.lproj/LaunchScreen.storyboard; sourceTree = "<group>"; };
		C8732164241FB79D00DE6C17 /* Info.plist */ = {isa = PBXFileReference; lastKnownFileType = text.plist.xml; path = Info.plist; sourceTree = "<group>"; };
		C8CBAD7024729C7A0017674F /* RxSwift.framework */ = {isa = PBXFileReference; explicitFileType = wrapper.framework; path = RxSwift.framework; sourceTree = BUILT_PRODUCTS_DIR; };
		C8CBAD7424729C830017674F /* RxCocoa.framework */ = {isa = PBXFileReference; explicitFileType = wrapper.framework; path = RxCocoa.framework; sourceTree = BUILT_PRODUCTS_DIR; };
/* End PBXFileReference section */

/* Begin PBXFrameworksBuildPhase section */
		C8732150241FB79B00DE6C17 /* Frameworks */ = {
			isa = PBXFrameworksBuildPhase;
			buildActionMask = 2147483647;
			files = (
				1B6F99C33E0806E26B46A42C /* Pods_TEST.framework in Frameworks */,
			);
			runOnlyForDeploymentPostprocessing = 0;
		};
/* End PBXFrameworksBuildPhase section */

/* Begin PBXGroup section */
		0C94A70B05E4C50A44290EB5 /* Frameworks */ = {
			isa = PBXGroup;
			children = (
				C8CBAD7424729C830017674F /* RxCocoa.framework */,
				C8CBAD7024729C7A0017674F /* RxSwift.framework */,
				45999623B6E98CB1F75EF754 /* Pods_TEST.framework */,
			);
			name = Frameworks;
			sourceTree = "<group>";
		};
		415B75A826CF5B54004D88B9 /* CoreFundation */ = {
			isa = PBXGroup;
			children = (
				415B765826CF5B67004D88B9 /* CF-1153.18 */,
			);
			path = CoreFundation;
			sourceTree = "<group>";
		};
		415B765826CF5B67004D88B9 /* CF-1153.18 */ = {
			isa = PBXGroup;
			children = (
				415B765926CF5B67004D88B9 /* CFUUID.h */,
				415B765A26CF5B67004D88B9 /* CFUniCharPriv.h */,
				415B765B26CF5B67004D88B9 /* CFBundle.h */,
				415B765C26CF5B67004D88B9 /* CFBigNumber.h */,
				415B765D26CF5B67004D88B9 /* CFXMLInputStream.h */,
				415B765E26CF5B67004D88B9 /* CFNumber.c */,
				415B765F26CF5B67004D88B9 /* CFError.c */,
				415B766026CF5B67004D88B9 /* CFBundle_Internal.h */,
				415B766126CF5B67004D88B9 /* CFURL.inc.h */,
				415B766226CF5B67004D88B9 /* CFPropertyList.c */,
				415B766326CF5B67004D88B9 /* CFBag.h */,
				415B766426CF5B67004D88B9 /* CFStringEncodingConverterPriv.h */,
				415B766526CF5B67004D88B9 /* CFRuntime.h */,
				415B766626CF5B67004D88B9 /* CFPreferences.h */,
				415B766726CF5B67004D88B9 /* CFConcreteStreams.c */,
				415B766826CF5B67004D88B9 /* CoreFoundation_Prefix.h */,
				415B766926CF5B67004D88B9 /* CFAvailability.h */,
				415B766A26CF5B67004D88B9 /* SymbolAliases */,
				415B766B26CF5B67004D88B9 /* CFUserNotification.h */,
				415B766C26CF5B67004D88B9 /* CFTimeZone.c */,
				415B766D26CF5B67004D88B9 /* CFVersion.c */,
				415B766E26CF5B67004D88B9 /* ForFoundationOnly.h */,
				415B766F26CF5B67004D88B9 /* CFBinaryPList.c */,
				415B767026CF5B67004D88B9 /* CFXMLNode.h */,
				415B767126CF5B67004D88B9 /* CFBundle_Resources.c */,
				415B767226CF5B67004D88B9 /* CFStreamAbstract.h */,
				415B767326CF5B67004D88B9 /* CFString.c */,
				415B767426CF5B67004D88B9 /* CFBasicHash.c */,
				415B767526CF5B67004D88B9 /* CFArray.h */,
				415B767626CF5B67004D88B9 /* CFBundle_InfoPlist.c */,
				415B767726CF5B67004D88B9 /* CFXMLParser.c */,
				415B767826CF5B67004D88B9 /* CFBitVector.c */,
				415B767926CF5B67004D88B9 /* CFStream.h */,
				415B767A26CF5B67004D88B9 /* CFRunLoop.c */,
				415B767B26CF5B67004D88B9 /* CoreFoundation.h */,
				415B767C26CF5B67004D88B9 /* CFBundle_BinaryTypes.h */,
				415B767D26CF5B67004D88B9 /* CFSocket.c */,
				415B767E26CF5B67004D88B9 /* CFDictionary.h */,
				415B767F26CF5B67004D88B9 /* APPLE_LICENSE */,
				415B768026CF5B67004D88B9 /* CFURL.c */,
				415B768126CF5B67004D88B9 /* CFApplicationPreferences.c */,
				415B768226CF5B67004D88B9 /* CFCharacterSet.h */,
				415B768326CF5B67004D88B9 /* CFBasicHashFindBucket.m */,
				415B768426CF5B67004D88B9 /* CF-1153.18.xcodeproj */,
				415B768726CF5B67004D88B9 /* CFStorage.h */,
				415B768826CF5B67004D88B9 /* CFStringEncodingDatabase.c */,
				415B768926CF5B67004D88B9 /* CFSystemDirectories.c */,
				415B768A26CF5B67004D88B9 /* CFUnicodeData-B.mapping */,
				415B768B26CF5B67004D88B9 /* CFCalendar.c */,
				415B768C26CF5B67004D88B9 /* CFOldStylePList.c */,
				415B768D26CF5B67004D88B9 /* Makefile */,
				415B768E26CF5B67004D88B9 /* CFDateFormatter.h */,
				415B768F26CF5B67004D88B9 /* CFPlugIn_Factory.h */,
				415B769026CF5B67004D88B9 /* CFICUConverters.c */,
				415B769126CF5B67004D88B9 /* CFSet.c */,
				415B769226CF5B67004D88B9 /* CFBase.c */,
				415B769326CF5B67004D88B9 /* CFTree.h */,
				415B769426CF5B67004D88B9 /* CFSortFunctions.c */,
				415B769526CF5B67004D88B9 /* CFBinaryHeap.c */,
				415B769626CF5B67004D88B9 /* CFMessagePort.h */,
				415B769726CF5B67004D88B9 /* CFUtilities.c */,
				415B769826CF5B67004D88B9 /* MakefileVersion */,
				415B769926CF5B67004D88B9 /* CFUnicodePrecomposition.h */,
				415B769A26CF5B67004D88B9 /* CFMachPort.h */,
				415B769B26CF5B67004D88B9 /* CFICULogging.h */,
				415B769C26CF5B67004D88B9 /* CFPlugInCOM.h */,
				415B769D26CF5B67004D88B9 /* CFPlugIn.h */,
				415B769E26CF5B67004D88B9 /* CFFileUtilities.c */,
				415B769F26CF5B67004D88B9 /* CFBundle_Locale.c */,
				415B76A026CF5B67004D88B9 /* CFLocaleKeys.c */,
				415B76A126CF5B67004D88B9 /* CFUnicodeDecomposition.h */,
				415B76A226CF5B67004D88B9 /* CFDate.h */,
				415B76A326CF5B67004D88B9 /* CFBundle_Strings.c */,
				415B76A426CF5B67004D88B9 /* CFBurstTrie.h */,
				415B76A526CF5B67004D88B9 /* CFStringEncodingConverter.h */,
				415B76A626CF5B67004D88B9 /* CFStreamInternal.h */,
				415B76A726CF5B67004D88B9 /* CFStringEncodingConverterExt.h */,
				415B76A826CF5B67004D88B9 /* CFLocale.h */,
				415B76A926CF5B67004D88B9 /* CFData.h */,
				415B76AA26CF5B67004D88B9 /* CFUniChar.c */,
				415B76AB26CF5B67004D88B9 /* CFNumberFormatter.h */,
				415B76AC26CF5B67004D88B9 /* CFURLAccess.h */,
				415B76AD26CF5B67004D88B9 /* CFLocaleInternal.h */,
				415B76AE26CF5B67004D88B9 /* CFStreamPriv.h */,
				415B76AF26CF5B67004D88B9 /* CFLogUtilities.h */,
				415B76B026CF5B67004D88B9 /* CFRuntime.c */,
				415B76B126CF5B67004D88B9 /* CFPreferences.c */,
				415B76B226CF5B67004D88B9 /* CFUserNotification.c */,
				415B76B326CF5B67004D88B9 /* CFTimeZone.h */,
				415B76B426CF5B67004D88B9 /* TargetConditionals.h */,
				415B76B526CF5B67004D88B9 /* CFXMLPreferencesDomain.c */,
				415B76B626CF5B68004D88B9 /* CFError.h */,
				415B76B726CF5B68004D88B9 /* CFNumber.h */,
				415B76B826CF5B68004D88B9 /* CFBundlePriv.h */,
				415B76B926CF5B68004D88B9 /* README_CFLITE */,
				415B76BA26CF5B68004D88B9 /* CFCharacterSetBitmaps.bitmap */,
				415B76BB26CF5B68004D88B9 /* CFXMLInputStream.c */,
				415B76BC26CF5B68004D88B9 /* CFBag.c */,
				415B76BD26CF5B68004D88B9 /* CFPropertyList.h */,
				415B76BE26CF5B68004D88B9 /* CFBundle.c */,
				415B76BF26CF5B68004D88B9 /* CFSocketStream.c */,
				415B76C026CF5B68004D88B9 /* CFBigNumber.c */,
				415B76C126CF5B68004D88B9 /* CFUUID.c */,
				415B76C226CF5B68004D88B9 /* PropertyList.dtd */,
				415B76C326CF5B68004D88B9 /* CFBundle_Binary.c */,
				415B76C426CF5B68004D88B9 /* CFPlugIn_Instance.c */,
				415B76C526CF5B68004D88B9 /* CFPriv.h */,
				415B76C626CF5B68004D88B9 /* CFByteOrder.h */,
				415B76C726CF5B68004D88B9 /* CFBuiltinConverters.c */,
				415B76C826CF5B68004D88B9 /* CFStorage.c */,
				415B76C926CF5B68004D88B9 /* Examples */,
				415B76CB26CF5B68004D88B9 /* CFCharacterSet.c */,
				415B76CC26CF5B68004D88B9 /* CFDictionary.c */,
				415B76CD26CF5B68004D88B9 /* CFSocket.h */,
				415B76CE26CF5B68004D88B9 /* CFURL.h */,
				415B76CF26CF5B68004D88B9 /* CFInternal.h */,
				415B76D026CF5B68004D88B9 /* CFBitVector.h */,
				415B76D126CF5B68004D88B9 /* CFXMLParser.h */,
				415B76D226CF5B68004D88B9 /* CFXMLTree.c */,
				415B76D326CF5B68004D88B9 /* CFRunLoop.h */,
				415B76D426CF5B68004D88B9 /* CFStream.c */,
				415B76D526CF5B68004D88B9 /* CFLocaleIdentifier.c */,
				415B76D626CF5B68004D88B9 /* CFXMLNode.c */,
				415B76D726CF5B68004D88B9 /* CFArray.c */,
				415B76D826CF5B68004D88B9 /* CFBasicHash.h */,
				415B76D926CF5B68004D88B9 /* CFString.h */,
				415B76DA26CF5B68004D88B9 /* CFPlatform.c */,
				415B76DB26CF5B68004D88B9 /* CFStringScanner.c */,
				415B76DC26CF5B68004D88B9 /* CFMachPort.c */,
				415B76DD26CF5B68004D88B9 /* CFUnicodePrecomposition.c */,
				415B76DE26CF5B68004D88B9 /* CFBinaryHeap.h */,
				415B76DF26CF5B68004D88B9 /* CFMessagePort.c */,
				415B76E026CF5B68004D88B9 /* CFTree.c */,
				415B76E126CF5B68004D88B9 /* CFBase.h */,
				415B76E226CF5B68004D88B9 /* CFURLPriv.h */,
				415B76E326CF5B68004D88B9 /* CFSet.h */,
				415B76E426CF5B68004D88B9 /* CFUnicodeData-L.mapping */,
				415B76E526CF5B68004D88B9 /* CFPlatformConverters.c */,
				415B76E626CF5B68004D88B9 /* CFUtilities.h */,
				415B76E726CF5B68004D88B9 /* CFPlugIn_Factory.c */,
				415B76E826CF5B68004D88B9 /* CFDateFormatter.c */,
				415B76E926CF5B68004D88B9 /* CFICUConverters.h */,
				415B76EA26CF5B68004D88B9 /* CFUniCharPropertyDatabase.data */,
				415B76EB26CF5B68004D88B9 /* MakefileLinux */,
				415B76EC26CF5B68004D88B9 /* CFStringUtilities.c */,
				415B76ED26CF5B68004D88B9 /* CFStringEncodingDatabase.h */,
				415B76EE26CF5B68004D88B9 /* CFStringDefaultEncoding.h */,
				415B76EF26CF5B68004D88B9 /* CFCalendar.h */,
				415B76F026CF5B68004D88B9 /* CFError_Private.h */,
				415B76F126CF5B68004D88B9 /* CFWindowsUtilities.c */,
				415B76F226CF5B68004D88B9 /* plconvert.c */,
				415B76F326CF5B68004D88B9 /* CFURLAccess.c */,
				415B76F426CF5B68004D88B9 /* CFBundle_Grok.c */,
				415B76F526CF5B68004D88B9 /* CFNumberFormatter.c */,
				415B76F626CF5B68004D88B9 /* CFStringEncodings.c */,
				415B76F726CF5B68004D88B9 /* CFLocale.c */,
				415B76F826CF5B68004D88B9 /* CFStringEncodingExt.h */,
				415B76F926CF5B68004D88B9 /* CFUniChar.h */,
				415B76FA26CF5B68004D88B9 /* CFCharacterSetPriv.h */,
				415B76FB26CF5B68004D88B9 /* Info.plist */,
				415B76FC26CF5B68004D88B9 /* CFData.c */,
				415B76FD26CF5B68004D88B9 /* CFStringEncodingConverter.c */,
				415B76FE26CF5B68004D88B9 /* CFBurstTrie.c */,
				415B76FF26CF5B68004D88B9 /* CFDate.c */,
				415B770026CF5B68004D88B9 /* CFUnicodeDecomposition.c */,
				415B770126CF5B68004D88B9 /* CFPlugIn_PlugIn.c */,
				415B770226CF5B68004D88B9 /* CFPlugIn.c */,
			);
			name = "CF-1153.18";
			path = "../../../../../Downloads/CF-1153.18";
			sourceTree = "<group>";
		};
		415B768526CF5B67004D88B9 /* Products */ = {
			isa = PBXGroup;
			children = (
			);
			name = Products;
			sourceTree = "<group>";
		};
		415B76C926CF5B68004D88B9 /* Examples */ = {
			isa = PBXGroup;
			children = (
				415B76CA26CF5B68004D88B9 /* plconvert.c */,
			);
			path = Examples;
			sourceTree = "<group>";
		};
		418A21BF26B8E1C9007D1AC1 /* Object */ = {
			isa = PBXGroup;
			children = (
				41E53B8926CE31D500BD6AE9 /* Student.h */,
				41E53B8B26CE31D500BD6AE9 /* Student.m */,
				41E53B8A26CE31D500BD6AE9 /* YSProxy.h */,
				41E53B8C26CE31D500BD6AE9 /* YSProxy.m */,
				C83ACB89242269DC00B53E40 /* Person.h */,
				C83ACB8A242269DC00B53E40 /* Person.m */,
				C84DDDBB26BFB7C6006F8040 /* CustomButton.h */,
				C84DDDBC26BFB7C6006F8040 /* CustomButton.m */,
			);
			path = Object;
			sourceTree = "<group>";
		};
		5542055BC499845F81737D1D /* Pods */ = {
			isa = PBXGroup;
			children = (
				6FF5E8D3E0EFE7F12391362E /* Pods-TEST.debug.xcconfig */,
				6ACE38454128EF38F77CE40E /* Pods-TEST.release.xcconfig */,
			);
			path = Pods;
			sourceTree = "<group>";
		};
		C873214A241FB79B00DE6C17 = {
			isa = PBXGroup;
			children = (
				C8732155241FB79C00DE6C17 /* TEST */,
				C8732154241FB79C00DE6C17 /* Products */,
				5542055BC499845F81737D1D /* Pods */,
				0C94A70B05E4C50A44290EB5 /* Frameworks */,
			);
			sourceTree = "<group>";
		};
		C8732154241FB79C00DE6C17 /* Products */ = {
			isa = PBXGroup;
			children = (
				C8732153241FB79C00DE6C17 /* TEST.app */,
			);
			name = Products;
			sourceTree = "<group>";
		};
		C8732155241FB79C00DE6C17 /* TEST */ = {
			isa = PBXGroup;
			children = (
				415B75A826CF5B54004D88B9 /* CoreFundation */,
				418A21BF26B8E1C9007D1AC1 /* Object */,
				C8732156241FB79C00DE6C17 /* AppDelegate.swift */,
				C873215A241FB79C00DE6C17 /* ViewController.swift */,
				C83ACB8C24226A5800B53E40 /* CViewController.h */,
				C83ACB8D24226A5800B53E40 /* CViewController.m */,
				41E53B9326CE63AB00BD6AE9 /* RunLoop_RuntimeVC.h */,
				41E53B9426CE63AB00BD6AE9 /* RunLoop_RuntimeVC.m */,
				C84707B0247293420091CA45 /* DVC.swift */,
				C873215C241FB79C00DE6C17 /* Main.storyboard */,
				C873215F241FB79D00DE6C17 /* Assets.xcassets */,
				C8732161241FB79D00DE6C17 /* LaunchScreen.storyboard */,
				C8732164241FB79D00DE6C17 /* Info.plist */,
				C83ACB88242269DC00B53E40 /* TEST-Bridging-Header.h */,
			);
			path = TEST;
			sourceTree = "<group>";
		};
/* End PBXGroup section */

/* Begin PBXNativeTarget section */
		C8732152241FB79B00DE6C17 /* TEST */ = {
			isa = PBXNativeTarget;
			buildConfigurationList = C8732167241FB79D00DE6C17 /* Build configuration list for PBXNativeTarget "TEST" */;
			buildPhases = (
				7CEC9571BF7426B0C2528833 /* [CP] Check Pods Manifest.lock */,
				C873214F241FB79B00DE6C17 /* Sources */,
				C8732150241FB79B00DE6C17 /* Frameworks */,
				C8732151241FB79B00DE6C17 /* Resources */,
				D24DE26BC3695606F2C3208B /* [CP] Embed Pods Frameworks */,
			);
			buildRules = (
			);
			dependencies = (
			);
			name = TEST;
			productName = TEST;
			productReference = C8732153241FB79C00DE6C17 /* TEST.app */;
			productType = "com.apple.product-type.application";
		};
/* End PBXNativeTarget section */

/* Begin PBXProject section */
		C873214B241FB79B00DE6C17 /* Project object */ = {
			isa = PBXProject;
			attributes = {
				LastSwiftUpdateCheck = 1120;
				LastUpgradeCheck = 1120;
				ORGANIZATIONNAME = Wilson;
				TargetAttributes = {
					C8732152241FB79B00DE6C17 = {
						CreatedOnToolsVersion = 11.2.1;
						LastSwiftMigration = 1120;
					};
				};
			};
			buildConfigurationList = C873214E241FB79B00DE6C17 /* Build configuration list for PBXProject "TEST" */;
			compatibilityVersion = "Xcode 9.3";
			developmentRegion = en;
			hasScannedForEncodings = 0;
			knownRegions = (
				en,
				Base,
			);
			mainGroup = C873214A241FB79B00DE6C17;
			productRefGroup = C8732154241FB79C00DE6C17 /* Products */;
			projectDirPath = "";
			projectReferences = (
				{
					ProductGroup = 415B768526CF5B67004D88B9 /* Products */;
					ProjectRef = 415B768426CF5B67004D88B9 /* CF-1153.18.xcodeproj */;
				},
			);
			projectRoot = "";
			targets = (
				C8732152241FB79B00DE6C17 /* TEST */,
			);
		};
/* End PBXProject section */

/* Begin PBXResourcesBuildPhase section */
		C8732151241FB79B00DE6C17 /* Resources */ = {
			isa = PBXResourcesBuildPhase;
			buildActionMask = 2147483647;
			files = (
				C8732163241FB79D00DE6C17 /* LaunchScreen.storyboard in Resources */,
				C8732160241FB79D00DE6C17 /* Assets.xcassets in Resources */,
				C873215E241FB79C00DE6C17 /* Main.storyboard in Resources */,
			);
			runOnlyForDeploymentPostprocessing = 0;
		};
/* End PBXResourcesBuildPhase section */

/* Begin PBXShellScriptBuildPhase section */
		7CEC9571BF7426B0C2528833 /* [CP] Check Pods Manifest.lock */ = {
			isa = PBXShellScriptBuildPhase;
			buildActionMask = 2147483647;
			files = (
			);
			inputFileListPaths = (
			);
			inputPaths = (
				"${PODS_PODFILE_DIR_PATH}/Podfile.lock",
				"${PODS_ROOT}/Manifest.lock",
			);
			name = "[CP] Check Pods Manifest.lock";
			outputFileListPaths = (
			);
			outputPaths = (
				"$(DERIVED_FILE_DIR)/Pods-TEST-checkManifestLockResult.txt",
			);
			runOnlyForDeploymentPostprocessing = 0;
			shellPath = /bin/sh;
			shellScript = "diff \"${PODS_PODFILE_DIR_PATH}/Podfile.lock\" \"${PODS_ROOT}/Manifest.lock\" > /dev/null\nif [ $? != 0 ] ; then\n    # print error to STDERR\n    echo \"error: The sandbox is not in sync with the Podfile.lock. Run 'pod install' or update your CocoaPods installation.\" >&2\n    exit 1\nfi\n# This output is used by Xcode 'outputs' to avoid re-running this script phase.\necho \"SUCCESS\" > \"${SCRIPT_OUTPUT_FILE_0}\"\n";
			showEnvVarsInLog = 0;
		};
		D24DE26BC3695606F2C3208B /* [CP] Embed Pods Frameworks */ = {
			isa = PBXShellScriptBuildPhase;
			buildActionMask = 2147483647;
			files = (
			);
			inputFileListPaths = (
				"${PODS_ROOT}/Target Support Files/Pods-TEST/Pods-TEST-frameworks-${CONFIGURATION}-input-files.xcfilelist",
			);
			name = "[CP] Embed Pods Frameworks";
			outputFileListPaths = (
				"${PODS_ROOT}/Target Support Files/Pods-TEST/Pods-TEST-frameworks-${CONFIGURATION}-output-files.xcfilelist",
			);
			runOnlyForDeploymentPostprocessing = 0;
			shellPath = /bin/sh;
			shellScript = "\"${PODS_ROOT}/Target Support Files/Pods-TEST/Pods-TEST-frameworks.sh\"\n";
			showEnvVarsInLog = 0;
		};
/* End PBXShellScriptBuildPhase section */

/* Begin PBXSourcesBuildPhase section */
		C873214F241FB79B00DE6C17 /* Sources */ = {
			isa = PBXSourcesBuildPhase;
			buildActionMask = 2147483647;
			files = (
				C873215B241FB79C00DE6C17 /* ViewController.swift in Sources */,
				C83ACB8E24226A5800B53E40 /* CViewController.m in Sources */,
				41E53B8D26CE31D500BD6AE9 /* Student.m in Sources */,
				C84DDDBD26BFB7C6006F8040 /* CustomButton.m in Sources */,
				41E53B8E26CE31D500BD6AE9 /* YSProxy.m in Sources */,
				C84707B1247293420091CA45 /* DVC.swift in Sources */,
				C83ACB8B242269DC00B53E40 /* Person.m in Sources */,
				41E53B9526CE63AB00BD6AE9 /* RunLoop_RuntimeVC.m in Sources */,
				C8732157241FB79C00DE6C17 /* AppDelegate.swift in Sources */,
			);
			runOnlyForDeploymentPostprocessing = 0;
		};
/* End PBXSourcesBuildPhase section */

/* Begin PBXVariantGroup section */
		C873215C241FB79C00DE6C17 /* Main.storyboard */ = {
			isa = PBXVariantGroup;
			children = (
				C873215D241FB79C00DE6C17 /* Base */,
			);
			name = Main.storyboard;
			sourceTree = "<group>";
		};
		C8732161241FB79D00DE6C17 /* LaunchScreen.storyboard */ = {
			isa = PBXVariantGroup;
			children = (
				C8732162241FB79D00DE6C17 /* Base */,
			);
			name = LaunchScreen.storyboard;
			sourceTree = "<group>";
		};
/* End PBXVariantGroup section */

/* Begin XCBuildConfiguration section */
		C8732165241FB79D00DE6C17 /* Debug */ = {
			isa = XCBuildConfiguration;
			buildSettings = {
				ALWAYS_SEARCH_USER_PATHS = NO;
				CLANG_ANALYZER_NONNULL = YES;
				CLANG_ANALYZER_NUMBER_OBJECT_CONVERSION = YES_AGGRESSIVE;
				CLANG_CXX_LANGUAGE_STANDARD = "gnu++14";
				CLANG_CXX_LIBRARY = "libc++";
				CLANG_ENABLE_MODULES = YES;
				CLANG_ENABLE_OBJC_ARC = YES;
				CLANG_ENABLE_OBJC_WEAK = YES;
				CLANG_WARN_BLOCK_CAPTURE_AUTORELEASING = YES;
				CLANG_WARN_BOOL_CONVERSION = YES;
				CLANG_WARN_COMMA = YES;
				CLANG_WARN_CONSTANT_CONVERSION = YES;
				CLANG_WARN_DEPRECATED_OBJC_IMPLEMENTATIONS = YES;
				CLANG_WARN_DIRECT_OBJC_ISA_USAGE = YES_ERROR;
				CLANG_WARN_DOCUMENTATION_COMMENTS = YES;
				CLANG_WARN_EMPTY_BODY = YES;
				CLANG_WARN_ENUM_CONVERSION = YES;
				CLANG_WARN_INFINITE_RECURSION = YES;
				CLANG_WARN_INT_CONVERSION = YES;
				CLANG_WARN_NON_LITERAL_NULL_CONVERSION = YES;
				CLANG_WARN_OBJC_IMPLICIT_RETAIN_SELF = YES;
				CLANG_WARN_OBJC_LITERAL_CONVERSION = YES;
				CLANG_WARN_OBJC_ROOT_CLASS = YES_ERROR;
				CLANG_WARN_RANGE_LOOP_ANALYSIS = YES;
				CLANG_WARN_STRICT_PROTOTYPES = YES;
				CLANG_WARN_SUSPICIOUS_MOVE = YES;
				CLANG_WARN_UNGUARDED_AVAILABILITY = YES_AGGRESSIVE;
				CLANG_WARN_UNREACHABLE_CODE = YES;
				CLANG_WARN__DUPLICATE_METHOD_MATCH = YES;
				COPY_PHASE_STRIP = NO;
				DEBUG_INFORMATION_FORMAT = dwarf;
				ENABLE_STRICT_OBJC_MSGSEND = YES;
				ENABLE_TESTABILITY = YES;
				GCC_C_LANGUAGE_STANDARD = gnu11;
				GCC_DYNAMIC_NO_PIC = NO;
				GCC_NO_COMMON_BLOCKS = YES;
				GCC_OPTIMIZATION_LEVEL = 0;
				GCC_PREPROCESSOR_DEFINITIONS = (
					"DEBUG=1",
					"$(inherited)",
				);
				GCC_WARN_64_TO_32_BIT_CONVERSION = YES;
				GCC_WARN_ABOUT_RETURN_TYPE = YES_ERROR;
				GCC_WARN_UNDECLARED_SELECTOR = YES;
				GCC_WARN_UNINITIALIZED_AUTOS = YES_AGGRESSIVE;
				GCC_WARN_UNUSED_FUNCTION = YES;
				GCC_WARN_UNUSED_VARIABLE = YES;
				IPHONEOS_DEPLOYMENT_TARGET = 13.2;
				MTL_ENABLE_DEBUG_INFO = INCLUDE_SOURCE;
				MTL_FAST_MATH = YES;
				ONLY_ACTIVE_ARCH = YES;
				SDKROOT = iphoneos;
				SWIFT_ACTIVE_COMPILATION_CONDITIONS = DEBUG;
				SWIFT_OPTIMIZATION_LEVEL = "-Onone";
			};
			name = Debug;
		};
		C8732166241FB79D00DE6C17 /* Release */ = {
			isa = XCBuildConfiguration;
			buildSettings = {
				ALWAYS_SEARCH_USER_PATHS = NO;
				CLANG_ANALYZER_NONNULL = YES;
				CLANG_ANALYZER_NUMBER_OBJECT_CONVERSION = YES_AGGRESSIVE;
				CLANG_CXX_LANGUAGE_STANDARD = "gnu++14";
				CLANG_CXX_LIBRARY = "libc++";
				CLANG_ENABLE_MODULES = YES;
				CLANG_ENABLE_OBJC_ARC = YES;
				CLANG_ENABLE_OBJC_WEAK = YES;
				CLANG_WARN_BLOCK_CAPTURE_AUTORELEASING = YES;
				CLANG_WARN_BOOL_CONVERSION = YES;
				CLANG_WARN_COMMA = YES;
				CLANG_WARN_CONSTANT_CONVERSION = YES;
				CLANG_WARN_DEPRECATED_OBJC_IMPLEMENTATIONS = YES;
				CLANG_WARN_DIRECT_OBJC_ISA_USAGE = YES_ERROR;
				CLANG_WARN_DOCUMENTATION_COMMENTS = YES;
				CLANG_WARN_EMPTY_BODY = YES;
				CLANG_WARN_ENUM_CONVERSION = YES;
				CLANG_WARN_INFINITE_RECURSION = YES;
				CLANG_WARN_INT_CONVERSION = YES;
				CLANG_WARN_NON_LITERAL_NULL_CONVERSION = YES;
				CLANG_WARN_OBJC_IMPLICIT_RETAIN_SELF = YES;
				CLANG_WARN_OBJC_LITERAL_CONVERSION = YES;
				CLANG_WARN_OBJC_ROOT_CLASS = YES_ERROR;
				CLANG_WARN_RANGE_LOOP_ANALYSIS = YES;
				CLANG_WARN_STRICT_PROTOTYPES = YES;
				CLANG_WARN_SUSPICIOUS_MOVE = YES;
				CLANG_WARN_UNGUARDED_AVAILABILITY = YES_AGGRESSIVE;
				CLANG_WARN_UNREACHABLE_CODE = YES;
				CLANG_WARN__DUPLICATE_METHOD_MATCH = YES;
				COPY_PHASE_STRIP = NO;
				DEBUG_INFORMATION_FORMAT = "dwarf-with-dsym";
				ENABLE_NS_ASSERTIONS = NO;
				ENABLE_STRICT_OBJC_MSGSEND = YES;
				GCC_C_LANGUAGE_STANDARD = gnu11;
				GCC_NO_COMMON_BLOCKS = YES;
				GCC_WARN_64_TO_32_BIT_CONVERSION = YES;
				GCC_WARN_ABOUT_RETURN_TYPE = YES_ERROR;
				GCC_WARN_UNDECLARED_SELECTOR = YES;
				GCC_WARN_UNINITIALIZED_AUTOS = YES_AGGRESSIVE;
				GCC_WARN_UNUSED_FUNCTION = YES;
				GCC_WARN_UNUSED_VARIABLE = YES;
				IPHONEOS_DEPLOYMENT_TARGET = 13.2;
				MTL_ENABLE_DEBUG_INFO = NO;
				MTL_FAST_MATH = YES;
				SDKROOT = iphoneos;
				SWIFT_COMPILATION_MODE = wholemodule;
				SWIFT_OPTIMIZATION_LEVEL = "-O";
				VALIDATE_PRODUCT = YES;
			};
			name = Release;
		};
		C8732168241FB79D00DE6C17 /* Debug */ = {
			isa = XCBuildConfiguration;
			baseConfigurationReference = 6FF5E8D3E0EFE7F12391362E /* Pods-TEST.debug.xcconfig */;
			buildSettings = {
				ASSETCATALOG_COMPILER_APPICON_NAME = AppIcon;
				CLANG_ENABLE_MODULES = YES;
				CODE_SIGN_STYLE = Automatic;
				DEVELOPMENT_TEAM = X8ZW4A3AF8;
				INFOPLIST_FILE = TEST/Info.plist;
				LD_RUNPATH_SEARCH_PATHS = (
					"$(inherited)",
					"@executable_path/Frameworks",
				);
				PRODUCT_BUNDLE_IDENTIFIER = ForeverMamba.TEST;
				PRODUCT_NAME = "$(TARGET_NAME)";
				SWIFT_OBJC_BRIDGING_HEADER = "TEST/TEST-Bridging-Header.h";
				SWIFT_OPTIMIZATION_LEVEL = "-Onone";
				SWIFT_VERSION = 4.0;
				TARGETED_DEVICE_FAMILY = "1,2";
			};
			name = Debug;
		};
		C8732169241FB79D00DE6C17 /* Release */ = {
			isa = XCBuildConfiguration;
			baseConfigurationReference = 6ACE38454128EF38F77CE40E /* Pods-TEST.release.xcconfig */;
			buildSettings = {
				ASSETCATALOG_COMPILER_APPICON_NAME = AppIcon;
				CLANG_ENABLE_MODULES = YES;
				CODE_SIGN_STYLE = Automatic;
				DEVELOPMENT_TEAM = X8ZW4A3AF8;
				INFOPLIST_FILE = TEST/Info.plist;
				LD_RUNPATH_SEARCH_PATHS = (
					"$(inherited)",
					"@executable_path/Frameworks",
				);
				PRODUCT_BUNDLE_IDENTIFIER = ForeverMamba.TEST;
				PRODUCT_NAME = "$(TARGET_NAME)";
				SWIFT_OBJC_BRIDGING_HEADER = "TEST/TEST-Bridging-Header.h";
				SWIFT_VERSION = 4.0;
				TARGETED_DEVICE_FAMILY = "1,2";
			};
			name = Release;
		};
/* End XCBuildConfiguration section */

/* Begin XCConfigurationList section */
		C873214E241FB79B00DE6C17 /* Build configuration list for PBXProject "TEST" */ = {
			isa = XCConfigurationList;
			buildConfigurations = (
				C8732165241FB79D00DE6C17 /* Debug */,
				C8732166241FB79D00DE6C17 /* Release */,
			);
			defaultConfigurationIsVisible = 0;
			defaultConfigurationName = Release;
		};
		C8732167241FB79D00DE6C17 /* Build configuration list for PBXNativeTarget "TEST" */ = {
			isa = XCConfigurationList;
			buildConfigurations = (
				C8732168241FB79D00DE6C17 /* Debug */,
				C8732169241FB79D00DE6C17 /* Release */,
			);
			defaultConfigurationIsVisible = 0;
			defaultConfigurationName = Release;
		};
/* End XCConfigurationList section */
	};
	rootObject = C873214B241FB79B00DE6C17 /* Project object */;
}
