// !$*UTF8*$!
{
	archiveVersion = 1;
	classes = {
	};
	objectVersion = 51;
	objects = {

/* Begin PBXBuildFile section */
		1B6F99C33E0806E26B46A42C /* Pods_TEST.framework in Frameworks */ = {isa = PBXBuildFile; fileRef = 45999623B6E98CB1F75EF754 /* Pods_TEST.framework */; };
		C83ACB8B242269DC00B53E40 /* Person.m in Sources */ = {isa = PBXBuildFile; fileRef = C83ACB8A242269DC00B53E40 /* Person.m */; };
		C83ACB8E24226A5800B53E40 /* CViewController.m in Sources */ = {isa = PBXBuildFile; fileRef = C83ACB8D24226A5800B53E40 /* CViewController.m */; };
		C83B245224205FB300A514F5 /* BViewController.swift in Sources */ = {isa = PBXBuildFile; fileRef = C83B245124205FB300A514F5 /* BViewController.swift */; };
		C84707B1247293420091CA45 /* DVC.swift in Sources */ = {isa = PBXBuildFile; fileRef = C84707B0247293420091CA45 /* DVC.swift */; };
		C8732157241FB79C00DE6C17 /* AppDelegate.swift in Sources */ = {isa = PBXBuildFile; fileRef = C8732156241FB79C00DE6C17 /* AppDelegate.swift */; };
		C873215B241FB79C00DE6C17 /* ViewController.swift in Sources */ = {isa = PBXBuildFile; fileRef = C873215A241FB79C00DE6C17 /* ViewController.swift */; };
		C873215E241FB79C00DE6C17 /* Main.storyboard in Resources */ = {isa = PBXBuildFile; fileRef = C873215C241FB79C00DE6C17 /* Main.storyboard */; };
		C8732160241FB79D00DE6C17 /* Assets.xcassets in Resources */ = {isa = PBXBuildFile; fileRef = C873215F241FB79D00DE6C17 /* Assets.xcassets */; };
		C8732163241FB79D00DE6C17 /* LaunchScreen.storyboard in Resources */ = {isa = PBXBuildFile; fileRef = C8732161241FB79D00DE6C17 /* LaunchScreen.storyboard */; };
/* End PBXBuildFile section */

/* Begin PBXFileReference section */
		45999623B6E98CB1F75EF754 /* Pods_TEST.framework */ = {isa = PBXFileReference; explicitFileType = wrapper.framework; includeInIndex = 0; path = Pods_TEST.framework; sourceTree = BUILT_PRODUCTS_DIR; };
		6ACE38454128EF38F77CE40E /* Pods-TEST.release.xcconfig */ = {isa = PBXFileReference; includeInIndex = 1; lastKnownFileType = text.xcconfig; name = "Pods-TEST.release.xcconfig"; path = "Target Support Files/Pods-TEST/Pods-TEST.release.xcconfig"; sourceTree = "<group>"; };
		6FF5E8D3E0EFE7F12391362E /* Pods-TEST.debug.xcconfig */ = {isa = PBXFileReference; includeInIndex = 1; lastKnownFileType = text.xcconfig; name = "Pods-TEST.debug.xcconfig"; path = "Target Support Files/Pods-TEST/Pods-TEST.debug.xcconfig"; sourceTree = "<group>"; };
		C83ACB88242269DC00B53E40 /* TEST-Bridging-Header.h */ = {isa = PBXFileReference; lastKnownFileType = sourcecode.c.h; path = "TEST-Bridging-Header.h"; sourceTree = "<group>"; };
		C83ACB89242269DC00B53E40 /* Person.h */ = {isa = PBXFileReference; lastKnownFileType = sourcecode.c.h; path = Person.h; sourceTree = "<group>"; };
		C83ACB8A242269DC00B53E40 /* Person.m */ = {isa = PBXFileReference; lastKnownFileType = sourcecode.c.objc; path = Person.m; sourceTree = "<group>"; };
		C83ACB8C24226A5800B53E40 /* CViewController.h */ = {isa = PBXFileReference; lastKnownFileType = sourcecode.c.h; path = CViewController.h; sourceTree = "<group>"; };
		C83ACB8D24226A5800B53E40 /* CViewController.m */ = {isa = PBXFileReference; lastKnownFileType = sourcecode.c.objc; path = CViewController.m; sourceTree = "<group>"; };
		C83B245124205FB300A514F5 /* BViewController.swift */ = {isa = PBXFileReference; lastKnownFileType = sourcecode.swift; path = BViewController.swift; sourceTree = "<group>"; };
		C84707B0247293420091CA45 /* DVC.swift */ = {isa = PBXFileReference; lastKnownFileType = sourcecode.swift; path = DVC.swift; sourceTree = "<group>"; };
		C8732153241FB79C00DE6C17 /* TEST.app */ = {isa = PBXFileReference; explicitFileType = wrapper.application; includeInIndex = 0; path = TEST.app; sourceTree = BUILT_PRODUCTS_DIR; };
		C8732156241FB79C00DE6C17 /* AppDelegate.swift */ = {isa = PBXFileReference; lastKnownFileType = sourcecode.swift; path = AppDelegate.swift; sourceTree = "<group>"; };
		C873215A241FB79C00DE6C17 /* ViewController.swift */ = {isa = PBXFileReference; lastKnownFileType = sourcecode.swift; path = ViewController.swift; sourceTree = "<group>"; };
		C873215D241FB79C00DE6C17 /* Base */ = {isa = PBXFileReference; lastKnownFileType = file.storyboard; name = Base; path = Base.lproj/Main.storyboard; sourceTree = "<group>"; };
		C873215F241FB79D00DE6C17 /* Assets.xcassets */ = {isa = PBXFileReference; lastKnownFileType = folder.assetcatalog; path = Assets.xcassets; sourceTree = "<group>"; };
		C8732162241FB79D00DE6C17 /* Base */ = {isa = PBXFileReference; lastKnownFileType = file.storyboard; name = Base; path = Base.lproj/LaunchScreen.storyboard; sourceTree = "<group>"; };
		C8732164241FB79D00DE6C17 /* Info.plist */ = {isa = PBXFileReference; lastKnownFileType = text.plist.xml; path = Info.plist; sourceTree = "<group>"; };
		C8CBAD7024729C7A0017674F /* RxSwift.framework */ = {isa = PBXFileReference; explicitFileType = wrapper.framework; path = RxSwift.framework; sourceTree = BUILT_PRODUCTS_DIR; };
		C8CBAD7424729C830017674F /* RxCocoa.framework */ = {isa = PBXFileReference; explicitFileType = wrapper.framework; path = RxCocoa.framework; sourceTree = BUILT_PRODUCTS_DIR; };
/* End PBXFileReference section */

/* Begin PBXFrameworksBuildPhase section */
		C8732150241FB79B00DE6C17 /* Frameworks */ = {
			isa = PBXFrameworksBuildPhase;
			buildActionMask = 2147483647;
			files = (
				1B6F99C33E0806E26B46A42C /* Pods_TEST.framework in Frameworks */,
			);
			runOnlyForDeploymentPostprocessing = 0;
		};
/* End PBXFrameworksBuildPhase section */

/* Begin PBXGroup section */
		0C94A70B05E4C50A44290EB5 /* Frameworks */ = {
			isa = PBXGroup;
			children = (
				C8CBAD7424729C830017674F /* RxCocoa.framework */,
				C8CBAD7024729C7A0017674F /* RxSwift.framework */,
				45999623B6E98CB1F75EF754 /* Pods_TEST.framework */,
			);
			name = Frameworks;
			sourceTree = "<group>";
		};
		418A21BF26B8E1C9007D1AC1 /* Object */ = {
			isa = PBXGroup;
			children = (
				C83ACB89242269DC00B53E40 /* Person.h */,
				C83ACB8A242269DC00B53E40 /* Person.m */,
			);
			path = Object;
			sourceTree = "<group>";
		};
		5542055BC499845F81737D1D /* Pods */ = {
			isa = PBXGroup;
			children = (
				6FF5E8D3E0EFE7F12391362E /* Pods-TEST.debug.xcconfig */,
				6ACE38454128EF38F77CE40E /* Pods-TEST.release.xcconfig */,
			);
			path = Pods;
			sourceTree = "<group>";
		};
		C873214A241FB79B00DE6C17 = {
			isa = PBXGroup;
			children = (
				C8732155241FB79C00DE6C17 /* TEST */,
				C8732154241FB79C00DE6C17 /* Products */,
				5542055BC499845F81737D1D /* Pods */,
				0C94A70B05E4C50A44290EB5 /* Frameworks */,
			);
			sourceTree = "<group>";
		};
		C8732154241FB79C00DE6C17 /* Products */ = {
			isa = PBXGroup;
			children = (
				C8732153241FB79C00DE6C17 /* TEST.app */,
			);
			name = Products;
			sourceTree = "<group>";
		};
		C8732155241FB79C00DE6C17 /* TEST */ = {
			isa = PBXGroup;
			children = (
				418A21BF26B8E1C9007D1AC1 /* Object */,
				C8732156241FB79C00DE6C17 /* AppDelegate.swift */,
				C873215A241FB79C00DE6C17 /* ViewController.swift */,
				C83B245124205FB300A514F5 /* BViewController.swift */,
				C83ACB8C24226A5800B53E40 /* CViewController.h */,
				C83ACB8D24226A5800B53E40 /* CViewController.m */,
				C84707B0247293420091CA45 /* DVC.swift */,
				C873215C241FB79C00DE6C17 /* Main.storyboard */,
				C873215F241FB79D00DE6C17 /* Assets.xcassets */,
				C8732161241FB79D00DE6C17 /* LaunchScreen.storyboard */,
				C8732164241FB79D00DE6C17 /* Info.plist */,
				C83ACB88242269DC00B53E40 /* TEST-Bridging-Header.h */,
			);
			path = TEST;
			sourceTree = "<group>";
		};
/* End PBXGroup section */

/* Begin PBXNativeTarget section */
		C8732152241FB79B00DE6C17 /* TEST */ = {
			isa = PBXNativeTarget;
			buildConfigurationList = C8732167241FB79D00DE6C17 /* Build configuration list for PBXNativeTarget "TEST" */;
			buildPhases = (
				7CEC9571BF7426B0C2528833 /* [CP] Check Pods Manifest.lock */,
				C873214F241FB79B00DE6C17 /* Sources */,
				C8732150241FB79B00DE6C17 /* Frameworks */,
				C8732151241FB79B00DE6C17 /* Resources */,
				D24DE26BC3695606F2C3208B /* [CP] Embed Pods Frameworks */,
			);
			buildRules = (
			);
			dependencies = (
			);
			name = TEST;
			productName = TEST;
			productReference = C8732153241FB79C00DE6C17 /* TEST.app */;
			productType = "com.apple.product-type.application";
		};
/* End PBXNativeTarget section */

/* Begin PBXProject section */
		C873214B241FB79B00DE6C17 /* Project object */ = {
			isa = PBXProject;
			attributes = {
				LastSwiftUpdateCheck = 1120;
				LastUpgradeCheck = 1120;
				ORGANIZATIONNAME = Wilson;
				TargetAttributes = {
					C8732152241FB79B00DE6C17 = {
						CreatedOnToolsVersion = 11.2.1;
						LastSwiftMigration = 1120;
					};
				};
			};
			buildConfigurationList = C873214E241FB79B00DE6C17 /* Build configuration list for PBXProject "TEST" */;
			compatibilityVersion = "Xcode 9.3";
			developmentRegion = en;
			hasScannedForEncodings = 0;
			knownRegions = (
				en,
				Base,
			);
			mainGroup = C873214A241FB79B00DE6C17;
			productRefGroup = C8732154241FB79C00DE6C17 /* Products */;
			projectDirPath = "";
			projectRoot = "";
			targets = (
				C8732152241FB79B00DE6C17 /* TEST */,
			);
		};
/* End PBXProject section */

/* Begin PBXResourcesBuildPhase section */
		C8732151241FB79B00DE6C17 /* Resources */ = {
			isa = PBXResourcesBuildPhase;
			buildActionMask = 2147483647;
			files = (
				C8732163241FB79D00DE6C17 /* LaunchScreen.storyboard in Resources */,
				C8732160241FB79D00DE6C17 /* Assets.xcassets in Resources */,
				C873215E241FB79C00DE6C17 /* Main.storyboard in Resources */,
			);
			runOnlyForDeploymentPostprocessing = 0;
		};
/* End PBXResourcesBuildPhase section */

/* Begin PBXShellScriptBuildPhase section */
		7CEC9571BF7426B0C2528833 /* [CP] Check Pods Manifest.lock */ = {
			isa = PBXShellScriptBuildPhase;
			buildActionMask = 2147483647;
			files = (
			);
			inputFileListPaths = (
			);
			inputPaths = (
				"${PODS_PODFILE_DIR_PATH}/Podfile.lock",
				"${PODS_ROOT}/Manifest.lock",
			);
			name = "[CP] Check Pods Manifest.lock";
			outputFileListPaths = (
			);
			outputPaths = (
				"$(DERIVED_FILE_DIR)/Pods-TEST-checkManifestLockResult.txt",
			);
			runOnlyForDeploymentPostprocessing = 0;
			shellPath = /bin/sh;
			shellScript = "diff \"${PODS_PODFILE_DIR_PATH}/Podfile.lock\" \"${PODS_ROOT}/Manifest.lock\" > /dev/null\nif [ $? != 0 ] ; then\n    # print error to STDERR\n    echo \"error: The sandbox is not in sync with the Podfile.lock. Run 'pod install' or update your CocoaPods installation.\" >&2\n    exit 1\nfi\n# This output is used by Xcode 'outputs' to avoid re-running this script phase.\necho \"SUCCESS\" > \"${SCRIPT_OUTPUT_FILE_0}\"\n";
			showEnvVarsInLog = 0;
		};
		D24DE26BC3695606F2C3208B /* [CP] Embed Pods Frameworks */ = {
			isa = PBXShellScriptBuildPhase;
			buildActionMask = 2147483647;
			files = (
			);
			inputFileListPaths = (
				"${PODS_ROOT}/Target Support Files/Pods-TEST/Pods-TEST-frameworks-${CONFIGURATION}-input-files.xcfilelist",
			);
			name = "[CP] Embed Pods Frameworks";
			outputFileListPaths = (
				"${PODS_ROOT}/Target Support Files/Pods-TEST/Pods-TEST-frameworks-${CONFIGURATION}-output-files.xcfilelist",
			);
			runOnlyForDeploymentPostprocessing = 0;
			shellPath = /bin/sh;
			shellScript = "\"${PODS_ROOT}/Target Support Files/Pods-TEST/Pods-TEST-frameworks.sh\"\n";
			showEnvVarsInLog = 0;
		};
/* End PBXShellScriptBuildPhase section */

/* Begin PBXSourcesBuildPhase section */
		C873214F241FB79B00DE6C17 /* Sources */ = {
			isa = PBXSourcesBuildPhase;
			buildActionMask = 2147483647;
			files = (
				C873215B241FB79C00DE6C17 /* ViewController.swift in Sources */,
				C83B245224205FB300A514F5 /* BViewController.swift in Sources */,
				C83ACB8E24226A5800B53E40 /* CViewController.m in Sources */,
				C84707B1247293420091CA45 /* DVC.swift in Sources */,
				C83ACB8B242269DC00B53E40 /* Person.m in Sources */,
				C8732157241FB79C00DE6C17 /* AppDelegate.swift in Sources */,
			);
			runOnlyForDeploymentPostprocessing = 0;
		};
/* End PBXSourcesBuildPhase section */

/* Begin PBXVariantGroup section */
		C873215C241FB79C00DE6C17 /* Main.storyboard */ = {
			isa = PBXVariantGroup;
			children = (
				C873215D241FB79C00DE6C17 /* Base */,
			);
			name = Main.storyboard;
			sourceTree = "<group>";
		};
		C8732161241FB79D00DE6C17 /* LaunchScreen.storyboard */ = {
			isa = PBXVariantGroup;
			children = (
				C8732162241FB79D00DE6C17 /* Base */,
			);
			name = LaunchScreen.storyboard;
			sourceTree = "<group>";
		};
/* End PBXVariantGroup section */

/* Begin XCBuildConfiguration section */
		C8732165241FB79D00DE6C17 /* Debug */ = {
			isa = XCBuildConfiguration;
			buildSettings = {
				ALWAYS_SEARCH_USER_PATHS = NO;
				CLANG_ANALYZER_NONNULL = YES;
				CLANG_ANALYZER_NUMBER_OBJECT_CONVERSION = YES_AGGRESSIVE;
				CLANG_CXX_LANGUAGE_STANDARD = "gnu++14";
				CLANG_CXX_LIBRARY = "libc++";
				CLANG_ENABLE_MODULES = YES;
				CLANG_ENABLE_OBJC_ARC = YES;
				CLANG_ENABLE_OBJC_WEAK = YES;
				CLANG_WARN_BLOCK_CAPTURE_AUTORELEASING = YES;
				CLANG_WARN_BOOL_CONVERSION = YES;
				CLANG_WARN_COMMA = YES;
				CLANG_WARN_CONSTANT_CONVERSION = YES;
				CLANG_WARN_DEPRECATED_OBJC_IMPLEMENTATIONS = YES;
				CLANG_WARN_DIRECT_OBJC_ISA_USAGE = YES_ERROR;
				CLANG_WARN_DOCUMENTATION_COMMENTS = YES;
				CLANG_WARN_EMPTY_BODY = YES;
				CLANG_WARN_ENUM_CONVERSION = YES;
				CLANG_WARN_INFINITE_RECURSION = YES;
				CLANG_WARN_INT_CONVERSION = YES;
				CLANG_WARN_NON_LITERAL_NULL_CONVERSION = YES;
				CLANG_WARN_OBJC_IMPLICIT_RETAIN_SELF = YES;
				CLANG_WARN_OBJC_LITERAL_CONVERSION = YES;
				CLANG_WARN_OBJC_ROOT_CLASS = YES_ERROR;
				CLANG_WARN_RANGE_LOOP_ANALYSIS = YES;
				CLANG_WARN_STRICT_PROTOTYPES = YES;
				CLANG_WARN_SUSPICIOUS_MOVE = YES;
				CLANG_WARN_UNGUARDED_AVAILABILITY = YES_AGGRESSIVE;
				CLANG_WARN_UNREACHABLE_CODE = YES;
				CLANG_WARN__DUPLICATE_METHOD_MATCH = YES;
				COPY_PHASE_STRIP = NO;
				DEBUG_INFORMATION_FORMAT = dwarf;
				ENABLE_STRICT_OBJC_MSGSEND = YES;
				ENABLE_TESTABILITY = YES;
				GCC_C_LANGUAGE_STANDARD = gnu11;
				GCC_DYNAMIC_NO_PIC = NO;
				GCC_NO_COMMON_BLOCKS = YES;
				GCC_OPTIMIZATION_LEVEL = 0;
				GCC_PREPROCESSOR_DEFINITIONS = (
					"DEBUG=1",
					"$(inherited)",
				);
				GCC_WARN_64_TO_32_BIT_CONVERSION = YES;
				GCC_WARN_ABOUT_RETURN_TYPE = YES_ERROR;
				GCC_WARN_UNDECLARED_SELECTOR = YES;
				GCC_WARN_UNINITIALIZED_AUTOS = YES_AGGRESSIVE;
				GCC_WARN_UNUSED_FUNCTION = YES;
				GCC_WARN_UNUSED_VARIABLE = YES;
				IPHONEOS_DEPLOYMENT_TARGET = 13.2;
				MTL_ENABLE_DEBUG_INFO = INCLUDE_SOURCE;
				MTL_FAST_MATH = YES;
				ONLY_ACTIVE_ARCH = YES;
				SDKROOT = iphoneos;
				SWIFT_ACTIVE_COMPILATION_CONDITIONS = DEBUG;
				SWIFT_OPTIMIZATION_LEVEL = "-Onone";
			};
			name = Debug;
		};
		C8732166241FB79D00DE6C17 /* Release */ = {
			isa = XCBuildConfiguration;
			buildSettings = {
				ALWAYS_SEARCH_USER_PATHS = NO;
				CLANG_ANALYZER_NONNULL = YES;
				CLANG_ANALYZER_NUMBER_OBJECT_CONVERSION = YES_AGGRESSIVE;
				CLANG_CXX_LANGUAGE_STANDARD = "gnu++14";
				CLANG_CXX_LIBRARY = "libc++";
				CLANG_ENABLE_MODULES = YES;
				CLANG_ENABLE_OBJC_ARC = YES;
				CLANG_ENABLE_OBJC_WEAK = YES;
				CLANG_WARN_BLOCK_CAPTURE_AUTORELEASING = YES;
				CLANG_WARN_BOOL_CONVERSION = YES;
				CLANG_WARN_COMMA = YES;
				CLANG_WARN_CONSTANT_CONVERSION = YES;
				CLANG_WARN_DEPRECATED_OBJC_IMPLEMENTATIONS = YES;
				CLANG_WARN_DIRECT_OBJC_ISA_USAGE = YES_ERROR;
				CLANG_WARN_DOCUMENTATION_COMMENTS = YES;
				CLANG_WARN_EMPTY_BODY = YES;
				CLANG_WARN_ENUM_CONVERSION = YES;
				CLANG_WARN_INFINITE_RECURSION = YES;
				CLANG_WARN_INT_CONVERSION = YES;
				CLANG_WARN_NON_LITERAL_NULL_CONVERSION = YES;
				CLANG_WARN_OBJC_IMPLICIT_RETAIN_SELF = YES;
				CLANG_WARN_OBJC_LITERAL_CONVERSION = YES;
				CLANG_WARN_OBJC_ROOT_CLASS = YES_ERROR;
				CLANG_WARN_RANGE_LOOP_ANALYSIS = YES;
				CLANG_WARN_STRICT_PROTOTYPES = YES;
				CLANG_WARN_SUSPICIOUS_MOVE = YES;
				CLANG_WARN_UNGUARDED_AVAILABILITY = YES_AGGRESSIVE;
				CLANG_WARN_UNREACHABLE_CODE = YES;
				CLANG_WARN__DUPLICATE_METHOD_MATCH = YES;
				COPY_PHASE_STRIP = NO;
				DEBUG_INFORMATION_FORMAT = "dwarf-with-dsym";
				ENABLE_NS_ASSERTIONS = NO;
				ENABLE_STRICT_OBJC_MSGSEND = YES;
				GCC_C_LANGUAGE_STANDARD = gnu11;
				GCC_NO_COMMON_BLOCKS = YES;
				GCC_WARN_64_TO_32_BIT_CONVERSION = YES;
				GCC_WARN_ABOUT_RETURN_TYPE = YES_ERROR;
				GCC_WARN_UNDECLARED_SELECTOR = YES;
				GCC_WARN_UNINITIALIZED_AUTOS = YES_AGGRESSIVE;
				GCC_WARN_UNUSED_FUNCTION = YES;
				GCC_WARN_UNUSED_VARIABLE = YES;
				IPHONEOS_DEPLOYMENT_TARGET = 13.2;
				MTL_ENABLE_DEBUG_INFO = NO;
				MTL_FAST_MATH = YES;
				SDKROOT = iphoneos;
				SWIFT_COMPILATION_MODE = wholemodule;
				SWIFT_OPTIMIZATION_LEVEL = "-O";
				VALIDATE_PRODUCT = YES;
			};
			name = Release;
		};
		C8732168241FB79D00DE6C17 /* Debug */ = {
			isa = XCBuildConfiguration;
			baseConfigurationReference = 6FF5E8D3E0EFE7F12391362E /* Pods-TEST.debug.xcconfig */;
			buildSettings = {
				ASSETCATALOG_COMPILER_APPICON_NAME = AppIcon;
				CLANG_ENABLE_MODULES = YES;
				CODE_SIGN_STYLE = Automatic;
				DEVELOPMENT_TEAM = 2W77NDA9H2;
				INFOPLIST_FILE = TEST/Info.plist;
				LD_RUNPATH_SEARCH_PATHS = (
					"$(inherited)",
					"@executable_path/Frameworks",
				);
				PRODUCT_BUNDLE_IDENTIFIER = ForeverMamba.TEST;
				PRODUCT_NAME = "$(TARGET_NAME)";
				SWIFT_OBJC_BRIDGING_HEADER = "TEST/TEST-Bridging-Header.h";
				SWIFT_OPTIMIZATION_LEVEL = "-Onone";
				SWIFT_VERSION = 4.0;
				TARGETED_DEVICE_FAMILY = "1,2";
			};
			name = Debug;
		};
		C8732169241FB79D00DE6C17 /* Release */ = {
			isa = XCBuildConfiguration;
			baseConfigurationReference = 6ACE38454128EF38F77CE40E /* Pods-TEST.release.xcconfig */;
			buildSettings = {
				ASSETCATALOG_COMPILER_APPICON_NAME = AppIcon;
				CLANG_ENABLE_MODULES = YES;
				CODE_SIGN_STYLE = Automatic;
				DEVELOPMENT_TEAM = 2W77NDA9H2;
				INFOPLIST_FILE = TEST/Info.plist;
				LD_RUNPATH_SEARCH_PATHS = (
					"$(inherited)",
					"@executable_path/Frameworks",
				);
				PRODUCT_BUNDLE_IDENTIFIER = ForeverMamba.TEST;
				PRODUCT_NAME = "$(TARGET_NAME)";
				SWIFT_OBJC_BRIDGING_HEADER = "TEST/TEST-Bridging-Header.h";
				SWIFT_VERSION = 4.0;
				TARGETED_DEVICE_FAMILY = "1,2";
			};
			name = Release;
		};
/* End XCBuildConfiguration section */

/* Begin XCConfigurationList section */
		C873214E241FB79B00DE6C17 /* Build configuration list for PBXProject "TEST" */ = {
			isa = XCConfigurationList;
			buildConfigurations = (
				C8732165241FB79D00DE6C17 /* Debug */,
				C8732166241FB79D00DE6C17 /* Release */,
			);
			defaultConfigurationIsVisible = 0;
			defaultConfigurationName = Release;
		};
		C8732167241FB79D00DE6C17 /* Build configuration list for PBXNativeTarget "TEST" */ = {
			isa = XCConfigurationList;
			buildConfigurations = (
				C8732168241FB79D00DE6C17 /* Debug */,
				C8732169241FB79D00DE6C17 /* Release */,
			);
			defaultConfigurationIsVisible = 0;
			defaultConfigurationName = Release;
		};
/* End XCConfigurationList section */
	};
	rootObject = C873214B241FB79B00DE6C17 /* Project object */;
}
